// !$*UTF8*$!
{
	archiveVersion = 1;
	classes = {
	};
	objectVersion = 77;
	objects = {

/* Begin PBXBuildFile section */
		155AF487F96631B09348F3CF /* LLMTranslateTextExt.appex in Embed ExtensionKit Extensions */ = {isa = PBXBuildFile; fileRef = 5331BF8BE9942A161FEE4B3D /* LLMTranslateTextExt.appex */; settings = {ATTRIBUTES = (RemoveHeadersOnCopy, ); }; };
		6DD00BE963ACD73B1FB67594 /* ContentView.swift in Sources */ = {isa = PBXBuildFile; fileRef = B93A6C54D21EF37F5F8C1C91 /* ContentView.swift */; };
		AC5A6D78A011DF93C66BE8CF /* LLMTranslateApp.swift in Sources */ = {isa = PBXBuildFile; fileRef = 52AAF72A9E0846E855FB9E5E /* LLMTranslateApp.swift */; };
		B647DE51F94501E07A345318 /* TranslateExtension.swift in Sources */ = {isa = PBXBuildFile; fileRef = BE374DD991081575EBDDDDD6 /* TranslateExtension.swift */; };
/* End PBXBuildFile section */

/* Begin PBXContainerItemProxy section */
		EEAABEEC7D885E2BD6C3FD8E /* PBXContainerItemProxy */ = {
			isa = PBXContainerItemProxy;
			containerPortal = CF6438D21A60277A255B4070 /* Project object */;
			proxyType = 1;
			remoteGlobalIDString = 843893F720B57A0618217E6A;
			remoteInfo = LLMTranslateTextExt;
		};
/* End PBXContainerItemProxy section */

/* Begin PBXCopyFilesBuildPhase section */
		98DD6B8621192D7E6F818698 /* Embed ExtensionKit Extensions */ = {
			isa = PBXCopyFilesBuildPhase;
			buildActionMask = 2147483647;
			dstPath = "$(EXTENSIONS_FOLDER_PATH)";
			dstSubfolderSpec = 16;
			files = (
				155AF487F96631B09348F3CF /* LLMTranslateTextExt.appex in Embed ExtensionKit Extensions */,
			);
			name = "Embed ExtensionKit Extensions";
			runOnlyForDeploymentPostprocessing = 0;
		};
/* End PBXCopyFilesBuildPhase section */

/* Begin PBXFileReference section */
		52AAF72A9E0846E855FB9E5E /* LLMTranslateApp.swift */ = {isa = PBXFileReference; lastKnownFileType = sourcecode.swift; path = LLMTranslateApp.swift; sourceTree = "<group>"; };
		5331BF8BE9942A161FEE4B3D /* LLMTranslateTextExt.appex */ = {isa = PBXFileReference; explicitFileType = "wrapper.extensionkit-extension"; includeInIndex = 0; path = LLMTranslateTextExt.appex; sourceTree = BUILT_PRODUCTS_DIR; };
		B93A6C54D21EF37F5F8C1C91 /* ContentView.swift */ = {isa = PBXFileReference; lastKnownFileType = sourcecode.swift; path = ContentView.swift; sourceTree = "<group>"; };
		BE374DD991081575EBDDDDD6 /* TranslateExtension.swift */ = {isa = PBXFileReference; lastKnownFileType = sourcecode.swift; path = TranslateExtension.swift; sourceTree = "<group>"; };
		CD986FE554F421EB969123E3 /* LLMTranslate.app */ = {isa = PBXFileReference; includeInIndex = 0; lastKnownFileType = wrapper.application; path = LLMTranslate.app; sourceTree = BUILT_PRODUCTS_DIR; };
/* End PBXFileReference section */

/* Begin PBXGroup section */
		8AF449B7B4844C2FF29E42C6 /* Products */ = {
			isa = PBXGroup;
			children = (
				CD986FE554F421EB969123E3 /* LLMTranslate.app */,
				5331BF8BE9942A161FEE4B3D /* LLMTranslateTextExt.appex */,
			);
			name = Products;
			sourceTree = "<group>";
		};
		9315E2FFACB87DF0192B9E1F = {
			isa = PBXGroup;
			children = (
				BA44359F0E391F52B4F221DD /* Sources */,
				E1FC92C695F15A13E29C19ED /* Sources */,
				8AF449B7B4844C2FF29E42C6 /* Products */,
			);
			sourceTree = "<group>";
		};
		BA44359F0E391F52B4F221DD /* Sources */ = {
			isa = PBXGroup;
			children = (
				B93A6C54D21EF37F5F8C1C91 /* ContentView.swift */,
				52AAF72A9E0846E855FB9E5E /* LLMTranslateApp.swift */,
			);
			name = Sources;
			path = LLMTranslate/Sources;
			sourceTree = "<group>";
		};
		E1FC92C695F15A13E29C19ED /* Sources */ = {
			isa = PBXGroup;
			children = (
				BE374DD991081575EBDDDDD6 /* TranslateExtension.swift */,
			);
			name = Sources;
			path = LLMTranslateTextExt/Sources;
			sourceTree = "<group>";
		};
/* End PBXGroup section */

/* Begin PBXNativeTarget section */
		49F058015A18679311C6827A /* LLMTranslate */ = {
			isa = PBXNativeTarget;
			buildConfigurationList = FEBC966DAE5E9F7BCA1E27CB /* Build configuration list for PBXNativeTarget "LLMTranslate" */;
			buildPhases = (
				EE03CBEEAC32B3F46DAC92E8 /* Sources */,
				98DD6B8621192D7E6F818698 /* Embed ExtensionKit Extensions */,
			);
			buildRules = (
			);
			dependencies = (
				89C3B55C01D964414CE8745E /* PBXTargetDependency */,
			);
			name = LLMTranslate;
			packageProductDependencies = (
			);
			productName = LLMTranslate;
			productReference = CD986FE554F421EB969123E3 /* LLMTranslate.app */;
			productType = "com.apple.product-type.application";
		};
		843893F720B57A0618217E6A /* LLMTranslateTextExt */ = {
			isa = PBXNativeTarget;
			buildConfigurationList = D31FC324DFA4F2E1FCF865AE /* Build configuration list for PBXNativeTarget "LLMTranslateTextExt" */;
			buildPhases = (
				AB86FF439A3F072F552D7EF8 /* Sources */,
			);
			buildRules = (
			);
			dependencies = (
			);
			name = LLMTranslateTextExt;
			packageProductDependencies = (
			);
			productName = LLMTranslateTextExt;
			productReference = 5331BF8BE9942A161FEE4B3D /* LLMTranslateTextExt.appex */;
			productType = "com.apple.product-type.extensionkit-extension";
		};
/* End PBXNativeTarget section */

/* Begin PBXProject section */
		CF6438D21A60277A255B4070 /* Project object */ = {
			isa = PBXProject;
			attributes = {
				BuildIndependentTargetsInParallel = YES;
				LastUpgradeCheck = 1430;
				TargetAttributes = {
					49F058015A18679311C6827A = {
						ProvisioningStyle = Automatic;
					};
					843893F720B57A0618217E6A = {
						ProvisioningStyle = Automatic;
					};
				};
			};
			buildConfigurationList = 0B05BCA580C4EDBB41C43314 /* Build configuration list for PBXProject "LLMTranslate" */;
			developmentRegion = ru;
			hasScannedForEncodings = 0;
			knownRegions = (
				Base,
				ru,
			);
			mainGroup = 9315E2FFACB87DF0192B9E1F;
			minimizedProjectReferenceProxies = 1;
			preferredProjectObjectVersion = 77;
			productRefGroup = 8AF449B7B4844C2FF29E42C6 /* Products */;
			projectDirPath = "";
			projectRoot = "";
			targets = (
				49F058015A18679311C6827A /* LLMTranslate */,
				843893F720B57A0618217E6A /* LLMTranslateTextExt */,
			);
		};
/* End PBXProject section */

/* Begin PBXSourcesBuildPhase section */
		AB86FF439A3F072F552D7EF8 /* Sources */ = {
			isa = PBXSourcesBuildPhase;
			buildActionMask = 2147483647;
			files = (
				B647DE51F94501E07A345318 /* TranslateExtension.swift in Sources */,
			);
			runOnlyForDeploymentPostprocessing = 0;
		};
		EE03CBEEAC32B3F46DAC92E8 /* Sources */ = {
			isa = PBXSourcesBuildPhase;
			buildActionMask = 2147483647;
			files = (
				6DD00BE963ACD73B1FB67594 /* ContentView.swift in Sources */,
				AC5A6D78A011DF93C66BE8CF /* LLMTranslateApp.swift in Sources */,
			);
			runOnlyForDeploymentPostprocessing = 0;
		};
/* End PBXSourcesBuildPhase section */

/* Begin PBXTargetDependency section */
		89C3B55C01D964414CE8745E /* PBXTargetDependency */ = {
			isa = PBXTargetDependency;
			target = 843893F720B57A0618217E6A /* LLMTranslateTextExt */;
			targetProxy = EEAABEEC7D885E2BD6C3FD8E /* PBXContainerItemProxy */;
		};
/* End PBXTargetDependency section */

/* Begin XCBuildConfiguration section */
		160AB3996BF474CBCC951514 /* Release */ = {
			isa = XCBuildConfiguration;
			buildSettings = {
				ALWAYS_SEARCH_USER_PATHS = NO;
				CLANG_ANALYZER_NONNULL = YES;
				CLANG_ANALYZER_NUMBER_OBJECT_CONVERSION = YES_AGGRESSIVE;
				CLANG_CXX_LANGUAGE_STANDARD = "gnu++14";
				CLANG_CXX_LIBRARY = "libc++";
				CLANG_ENABLE_MODULES = YES;
				CLANG_ENABLE_OBJC_ARC = YES;
				CLANG_ENABLE_OBJC_WEAK = YES;
				CLANG_WARN_BLOCK_CAPTURE_AUTORELEASING = YES;
				CLANG_WARN_BOOL_CONVERSION = YES;
				CLANG_WARN_COMMA = YES;
				CLANG_WARN_CONSTANT_CONVERSION = YES;
				CLANG_WARN_DEPRECATED_OBJC_IMPLEMENTATIONS = YES;
				CLANG_WARN_DIRECT_OBJC_ISA_USAGE = YES_ERROR;
				CLANG_WARN_DOCUMENTATION_COMMENTS = YES;
				CLANG_WARN_EMPTY_BODY = YES;
				CLANG_WARN_ENUM_CONVERSION = YES;
				CLANG_WARN_INFINITE_RECURSION = YES;
				CLANG_WARN_INT_CONVERSION = YES;
				CLANG_WARN_NON_LITERAL_NULL_CONVERSION = YES;
				CLANG_WARN_OBJC_IMPLICIT_RETAIN_SELF = YES;
				CLANG_WARN_OBJC_LITERAL_CONVERSION = YES;
				CLANG_WARN_OBJC_ROOT_CLASS = YES_ERROR;
				CLANG_WARN_QUOTED_INCLUDE_IN_FRAMEWORK_HEADER = YES;
				CLANG_WARN_RANGE_LOOP_ANALYSIS = YES;
				CLANG_WARN_STRICT_PROTOTYPES = YES;
				CLANG_WARN_SUSPICIOUS_MOVE = YES;
				CLANG_WARN_UNGUARDED_AVAILABILITY = YES_AGGRESSIVE;
				CLANG_WARN_UNREACHABLE_CODE = YES;
				CLANG_WARN__DUPLICATE_METHOD_MATCH = YES;
				COPY_PHASE_STRIP = NO;
				CURRENT_PROJECT_VERSION = 1;
				DEBUG_INFORMATION_FORMAT = "dwarf-with-dsym";
				ENABLE_NS_ASSERTIONS = NO;
				ENABLE_STRICT_OBJC_MSGSEND = YES;
				GCC_C_LANGUAGE_STANDARD = gnu11;
				GCC_NO_COMMON_BLOCKS = YES;
				GCC_WARN_64_TO_32_BIT_CONVERSION = YES;
				GCC_WARN_ABOUT_RETURN_TYPE = YES_ERROR;
				GCC_WARN_UNDECLARED_SELECTOR = YES;
				GCC_WARN_UNINITIALIZED_AUTOS = YES_AGGRESSIVE;
				GCC_WARN_UNUSED_FUNCTION = YES;
				GCC_WARN_UNUSED_VARIABLE = YES;
				IPHONEOS_DEPLOYMENT_TARGET = 18.4;
				MARKETING_VERSION = 0.1;
				MTL_ENABLE_DEBUG_INFO = NO;
				MTL_FAST_MATH = YES;
				PRODUCT_NAME = "$(TARGET_NAME)";
				SDKROOT = iphoneos;
				SWIFT_COMPILATION_MODE = wholemodule;
				SWIFT_OPTIMIZATION_LEVEL = "-O";
				SWIFT_STRICT_CONCURRENCY = complete;
				SWIFT_VERSION = 6.0;
				TARGETED_DEVICE_FAMILY = "1,2";
			};
			name = Release;
		};
		51DF2FA8FE0C963DCE2C1D25 /* Release */ = {
			isa = XCBuildConfiguration;
			buildSettings = {
				ASSETCATALOG_COMPILER_APPICON_NAME = AppIcon;
				ASSETCATALOG_COMPILER_GLOBAL_ACCENT_COLOR_NAME = AccentColor;
				CODE_SIGN_ENTITLEMENTS = LLMTranslate/Resources/LLMTranslate.entitlements;
				CODE_SIGN_IDENTITY = "iPhone Developer";
				CODE_SIGN_STYLE = Automatic;
				GENERATE_INFOPLIST_FILE = NO;
				INFOPLIST_FILE = LLMTranslate/Resources/Info.plist;
				LD_RUNPATH_SEARCH_PATHS = (
					"$(inherited)",
					"@executable_path/Frameworks",
				);
				PRODUCT_BUNDLE_IDENTIFIER = com.tyrex.llmtranslate;
				PRODUCT_NAME = LLMTranslate;
				SDKROOT = iphoneos;
				TARGETED_DEVICE_FAMILY = "1,2";
			};
			name = Release;
		};
		642718BC3CE59BD72A102909 /* Debug */ = {
			isa = XCBuildConfiguration;
			buildSettings = {
				ASSETCATALOG_COMPILER_APPICON_NAME = AppIcon;
				ASSETCATALOG_COMPILER_GLOBAL_ACCENT_COLOR_NAME = AccentColor;
				CODE_SIGN_ENTITLEMENTS = LLMTranslate/Resources/LLMTranslate.entitlements;
				CODE_SIGN_IDENTITY = "iPhone Developer";
				CODE_SIGN_STYLE = Automatic;
				GENERATE_INFOPLIST_FILE = NO;
				INFOPLIST_FILE = LLMTranslate/Resources/Info.plist;
				LD_RUNPATH_SEARCH_PATHS = (
					"$(inherited)",
					"@executable_path/Frameworks",
				);
				PRODUCT_BUNDLE_IDENTIFIER = com.tyrex.llmtranslate;
				PRODUCT_NAME = LLMTranslate;
				SDKROOT = iphoneos;
				TARGETED_DEVICE_FAMILY = "1,2";
			};
			name = Debug;
		};
		911532779DBE94CC6ECD3918 /* Debug */ = {
			isa = XCBuildConfiguration;
			buildSettings = {
				CODE_SIGN_ENTITLEMENTS = LLMTranslateTextExt/LLMTranslateTextExt.entitlements;
				CODE_SIGN_STYLE = Automatic;
				GENERATE_INFOPLIST_FILE = NO;
				INFOPLIST_FILE = LLMTranslateTextExt/Info.plist;
				LD_RUNPATH_SEARCH_PATHS = (
					"$(inherited)",
					"@executable_path/Frameworks",
				);
				PRODUCT_BUNDLE_IDENTIFIER = com.tyrex.llmtranslate.textext;
				PRODUCT_NAME = LLMTranslateTextExt;
				SDKROOT = iphoneos;
				SKIP_INSTALL = NO;
				TARGETED_DEVICE_FAMILY = "1,2";
			};
			name = Debug;
		};
		957FC10F9A0B21B9C1A90BD1 /* Debug */ = {
			isa = XCBuildConfiguration;
			buildSettings = {
				ALWAYS_SEARCH_USER_PATHS = NO;
				CLANG_ANALYZER_NONNULL = YES;
				CLANG_ANALYZER_NUMBER_OBJECT_CONVERSION = YES_AGGRESSIVE;
				CLANG_CXX_LANGUAGE_STANDARD = "gnu++14";
				CLANG_CXX_LIBRARY = "libc++";
				CLANG_ENABLE_MODULES = YES;
				CLANG_ENABLE_OBJC_ARC = YES;
				CLANG_ENABLE_OBJC_WEAK = YES;
				CLANG_WARN_BLOCK_CAPTURE_AUTORELEASING = YES;
				CLANG_WARN_BOOL_CONVERSION = YES;
				CLANG_WARN_COMMA = YES;
				CLANG_WARN_CONSTANT_CONVERSION = YES;
				CLANG_WARN_DEPRECATED_OBJC_IMPLEMENTATIONS = YES;
				CLANG_WARN_DIRECT_OBJC_ISA_USAGE = YES_ERROR;
				CLANG_WARN_DOCUMENTATION_COMMENTS = YES;
				CLANG_WARN_EMPTY_BODY = YES;
				CLANG_WARN_ENUM_CONVERSION = YES;
				CLANG_WARN_INFINITE_RECURSION = YES;
				CLANG_WARN_INT_CONVERSION = YES;
				CLANG_WARN_NON_LITERAL_NULL_CONVERSION = YES;
				CLANG_WARN_OBJC_IMPLICIT_RETAIN_SELF = YES;
				CLANG_WARN_OBJC_LITERAL_CONVERSION = YES;
				CLANG_WARN_OBJC_ROOT_CLASS = YES_ERROR;
				CLANG_WARN_QUOTED_INCLUDE_IN_FRAMEWORK_HEADER = YES;
				CLANG_WARN_RANGE_LOOP_ANALYSIS = YES;
				CLANG_WARN_STRICT_PROTOTYPES = YES;
				CLANG_WARN_SUSPICIOUS_MOVE = YES;
				CLANG_WARN_UNGUARDED_AVAILABILITY = YES_AGGRESSIVE;
				CLANG_WARN_UNREACHABLE_CODE = YES;
				CLANG_WARN__DUPLICATE_METHOD_MATCH = YES;
				COPY_PHASE_STRIP = NO;
				CURRENT_PROJECT_VERSION = 1;
				DEBUG_INFORMATION_FORMAT = dwarf;
				ENABLE_STRICT_OBJC_MSGSEND = YES;
				ENABLE_TESTABILITY = YES;
				GCC_C_LANGUAGE_STANDARD = gnu11;
				GCC_DYNAMIC_NO_PIC = NO;
				GCC_NO_COMMON_BLOCKS = YES;
				GCC_OPTIMIZATION_LEVEL = 0;
				GCC_PREPROCESSOR_DEFINITIONS = (
					"$(inherited)",
					"DEBUG=1",
				);
				GCC_WARN_64_TO_32_BIT_CONVERSION = YES;
				GCC_WARN_ABOUT_RETURN_TYPE = YES_ERROR;
				GCC_WARN_UNDECLARED_SELECTOR = YES;
				GCC_WARN_UNINITIALIZED_AUTOS = YES_AGGRESSIVE;
				GCC_WARN_UNUSED_FUNCTION = YES;
				GCC_WARN_UNUSED_VARIABLE = YES;
				IPHONEOS_DEPLOYMENT_TARGET = 18.4;
				MARKETING_VERSION = 0.1;
				MTL_ENABLE_DEBUG_INFO = INCLUDE_SOURCE;
				MTL_FAST_MATH = YES;
				ONLY_ACTIVE_ARCH = YES;
				PRODUCT_NAME = "$(TARGET_NAME)";
				SDKROOT = iphoneos;
				SWIFT_ACTIVE_COMPILATION_CONDITIONS = DEBUG;
				SWIFT_OPTIMIZATION_LEVEL = "-Onone";
				SWIFT_STRICT_CONCURRENCY = complete;
				SWIFT_VERSION = 6.0;
				TARGETED_DEVICE_FAMILY = "1,2";
			};
			name = Debug;
		};
		FF494619A339D7F0A4EE0442 /* Release */ = {
			isa = XCBuildConfiguration;
			buildSettings = {
				CODE_SIGN_ENTITLEMENTS = LLMTranslateTextExt/LLMTranslateTextExt.entitlements;
				CODE_SIGN_STYLE = Automatic;
				GENERATE_INFOPLIST_FILE = NO;
				INFOPLIST_FILE = LLMTranslateTextExt/Info.plist;
				LD_RUNPATH_SEARCH_PATHS = (
					"$(inherited)",
					"@executable_path/Frameworks",
				);
				PRODUCT_BUNDLE_IDENTIFIER = com.tyrex.llmtranslate.textext;
				PRODUCT_NAME = LLMTranslateTextExt;
				SDKROOT = iphoneos;
				SKIP_INSTALL = NO;
				TARGETED_DEVICE_FAMILY = "1,2";
			};
			name = Release;
		};
/* End XCBuildConfiguration section */

/* Begin XCConfigurationList section */
		0B05BCA580C4EDBB41C43314 /* Build configuration list for PBXProject "LLMTranslate" */ = {
			isa = XCConfigurationList;
			buildConfigurations = (
				957FC10F9A0B21B9C1A90BD1 /* Debug */,
				160AB3996BF474CBCC951514 /* Release */,
			);
			defaultConfigurationIsVisible = 0;
			defaultConfigurationName = Debug;
		};
		D31FC324DFA4F2E1FCF865AE /* Build configuration list for PBXNativeTarget "LLMTranslateTextExt" */ = {
			isa = XCConfigurationList;
			buildConfigurations = (
				911532779DBE94CC6ECD3918 /* Debug */,
				FF494619A339D7F0A4EE0442 /* Release */,
			);
			defaultConfigurationIsVisible = 0;
			defaultConfigurationName = Debug;
		};
		FEBC966DAE5E9F7BCA1E27CB /* Build configuration list for PBXNativeTarget "LLMTranslate" */ = {
			isa = XCConfigurationList;
			buildConfigurations = (
				642718BC3CE59BD72A102909 /* Debug */,
				51DF2FA8FE0C963DCE2C1D25 /* Release */,
			);
			defaultConfigurationIsVisible = 0;
			defaultConfigurationName = Debug;
		};
/* End XCConfigurationList section */
	};
	rootObject = CF6438D21A60277A255B4070 /* Project object */;
}
