// !$*UTF8*$!
{
	archiveVersion = 1;
	classes = {
	};
	objectVersion = 77;
	objects = {

/* Begin PBXBuildFile section */
		02AA14CED5E6D1A85B2D4B63 /* ZoomableImagePane.swift in Sources */ = {isa = PBXBuildFile; fileRef = C9B7E42750E331E7BE91B690 /* ZoomableImagePane.swift */; };
		06B38C9856CD8D6F96C88A58 /* ModelRatings.swift in Sources */ = {isa = PBXBuildFile; fileRef = 8A09249FFA8887DFE0B9517F /* ModelRatings.swift */; };
		08B67205874BAC35D2D091E1 /* TextRegionDetector.swift in Sources */ = {isa = PBXBuildFile; fileRef = 5E3DC73C1ED1F53BCE3D6EE0 /* TextRegionDetector.swift */; };
		08DD7E5B6C4935A05F2A393D /* ConnectionProfileTests.swift in Sources */ = {isa = PBXBuildFile; fileRef = 3B1C0AD30D27941EF4F1BF5E /* ConnectionProfileTests.swift */; };
		08E0BB1A1EF3792827DCFEB4 /* OpenAIModelListParsing.swift in Sources */ = {isa = PBXBuildFile; fileRef = 27C530367D8D8BBA93269453 /* OpenAIModelListParsing.swift */; };
		0B79EFB61F835223F9886A18 /* LLMTranslateKit.framework in Embed Frameworks */ = {isa = PBXBuildFile; fileRef = 9539654B8CE780535DC0ADE7 /* LLMTranslateKit.framework */; settings = {ATTRIBUTES = (CodeSignOnCopy, RemoveHeadersOnCopy, ); }; };
		10D4475146F6C7F4723F75AC /* ModelPickerView.swift in Sources */ = {isa = PBXBuildFile; fileRef = 0CACC3565FCF5F71EC7850D2 /* ModelPickerView.swift */; };
		118A4285BFEC6A08EC662589 /* TranslationRequest.swift in Sources */ = {isa = PBXBuildFile; fileRef = DC73BEDF0D7C23FAD93AA3D7 /* TranslationRequest.swift */; };
		14D01A17F830D84AE0205DD9 /* OpenAIRequestBodyBuilder.swift in Sources */ = {isa = PBXBuildFile; fileRef = 2CBE023F4FA32F68870C89E0 /* OpenAIRequestBodyBuilder.swift */; };
		151CF9AD6E92850AD448D091 /* GeminiStreamParsingTests.swift in Sources */ = {isa = PBXBuildFile; fileRef = A0C8D96CA4723A54A81B323D /* GeminiStreamParsingTests.swift */; };
		155AF487F96631B09348F3CF /* LLMTranslateTextExt.appex in Embed ExtensionKit Extensions */ = {isa = PBXBuildFile; fileRef = 5331BF8BE9942A161FEE4B3D /* LLMTranslateTextExt.appex */; settings = {ATTRIBUTES = (RemoveHeadersOnCopy, ); }; };
		15B7F332EE9DA2EFA1F611F0 /* AnthropicRequestBodyBuilderTests.swift in Sources */ = {isa = PBXBuildFile; fileRef = 435AA8D74EBD1902BD2CB532 /* AnthropicRequestBodyBuilderTests.swift */; };
		17E7ABAB037BC1297CBD0E6C /* TranslateShortcuts.swift in Sources */ = {isa = PBXBuildFile; fileRef = 92518E2ECB8C6B573F67D882 /* TranslateShortcuts.swift */; };
		1BEBB84B5E109F2591DF3899 /* ModelRatingsData.swift in Sources */ = {isa = PBXBuildFile; fileRef = 2014F0715F9F630785125977 /* ModelRatingsData.swift */; };
		1C151CA01FE3B3BCC7CAB8E5 /* ImagePreparation.swift in Sources */ = {isa = PBXBuildFile; fileRef = 4572E1FCF82BA512D1A2B3EA /* ImagePreparation.swift */; };
		1C188940E67467B902DD8C75 /* TranslationCacheKey.swift in Sources */ = {isa = PBXBuildFile; fileRef = 5C7478424B86275762E23729 /* TranslationCacheKey.swift */; };
		20CCB18A68420D62B4B2E867 /* LLMTranslateKit.framework in Frameworks */ = {isa = PBXBuildFile; fileRef = 9539654B8CE780535DC0ADE7 /* LLMTranslateKit.framework */; };
		286E350E7FF6970183D5FB1B /* DictionaryModeDetectorTests.swift in Sources */ = {isa = PBXBuildFile; fileRef = 0394A1E1D225AEFAD958F190 /* DictionaryModeDetectorTests.swift */; };
		288F7BE65BD18229448F56A3 /* ResponseSanitizer.swift in Sources */ = {isa = PBXBuildFile; fileRef = 1E1AB3C52C951EB946786772 /* ResponseSanitizer.swift */; };
		2BD67B44B952D1EDFD8D338D /* ResponseSanitizerTests.swift in Sources */ = {isa = PBXBuildFile; fileRef = D0BD8AFF3F8ACE381B522738 /* ResponseSanitizerTests.swift */; };
		3206BF5E8C03DCC79DCDCE3F /* AnthropicSSELineParser.swift in Sources */ = {isa = PBXBuildFile; fileRef = E2EC2F08C8B4833BF7A4A209 /* AnthropicSSELineParser.swift */; };
		38048A4DCD5819517578E3AB /* TranslateShortcuts.swift in Sources */ = {isa = PBXBuildFile; fileRef = 92518E2ECB8C6B573F67D882 /* TranslateShortcuts.swift */; };
		383F781488B7CD29B8BA7139 /* GeminiProvider.swift in Sources */ = {isa = PBXBuildFile; fileRef = 8687044768EDE93C0A68794A /* GeminiProvider.swift */; };
		4058AA715C6E9DC67F403C24 /* TranslationModeResolverTests.swift in Sources */ = {isa = PBXBuildFile; fileRef = 7C2BF02DCCAB0C128308F78C /* TranslationModeResolverTests.swift */; };
		423D2BF3319A1DF675609266 /* DebugAndUsageView.swift in Sources */ = {isa = PBXBuildFile; fileRef = EFCA0E2540AA096146F6B6F2 /* DebugAndUsageView.swift */; };
		44E7FE936C1FB5AC5B4DA5A6 /* TranslateLatestScreenshotIntent.swift in Sources */ = {isa = PBXBuildFile; fileRef = 1C8ADEBC01036535C1350720 /* TranslateLatestScreenshotIntent.swift */; };
		46C2A6B4A24C9DB9E3ABD085 /* TextDirectionResolver.swift in Sources */ = {isa = PBXBuildFile; fileRef = 0545749AAADD5FE9C1811F7C /* TextDirectionResolver.swift */; };
		4983177D70C0AB697EF93B4A /* OpenAIModelListParsingTests.swift in Sources */ = {isa = PBXBuildFile; fileRef = 32DC139895C3EFC6D7623688 /* OpenAIModelListParsingTests.swift */; };
		4A7664DBF8A25FCCB582BA0A /* OpenAISSEParsingTests.swift in Sources */ = {isa = PBXBuildFile; fileRef = E4D6E1492091E44C8937E929 /* OpenAISSEParsingTests.swift */; };
		4BD0E72F0BAB9D0DE026BE1A /* LanguagePairResolverTests.swift in Sources */ = {isa = PBXBuildFile; fileRef = FF9DA30F53E6FB78973256D8 /* LanguagePairResolverTests.swift */; };
		4CBDDF596233340258CD955A /* ImagePreparationTests.swift in Sources */ = {isa = PBXBuildFile; fileRef = 8C2EFC3A76BE96DF729832FC /* ImagePreparationTests.swift */; };
		4CFCB8E06D5FE1383DBD640B /* TranslationCacheKeyTests.swift in Sources */ = {isa = PBXBuildFile; fileRef = 0D3FDEE09FA24DB5261F2174 /* TranslationCacheKeyTests.swift */; };
		50C851F7AD8C1D53A5DF7020 /* ScreenshotFetcher.swift in Sources */ = {isa = PBXBuildFile; fileRef = 99D7A70FA9FB13D00DEB1053 /* ScreenshotFetcher.swift */; };
		53C795A8EA303DE93EC4E337 /* ScreenshotRegionsView.swift in Sources */ = {isa = PBXBuildFile; fileRef = 5970F1EFE77148CA68B8D875 /* ScreenshotRegionsView.swift */; };
		55CCFF5F2608C517D986A2EF /* GlossaryEditorView.swift in Sources */ = {isa = PBXBuildFile; fileRef = 6922F85B8A483A457C63E843 /* GlossaryEditorView.swift */; };
		5B033CB0AA4F8E74B599D4BA /* NotesMarkerParserTests.swift in Sources */ = {isa = PBXBuildFile; fileRef = 332552E108D071D3BDCF5DE9 /* NotesMarkerParserTests.swift */; };
		5B96692CB9A7FEB98E86A445 /* TranslationModeResolver.swift in Sources */ = {isa = PBXBuildFile; fileRef = B567BB15FCCFE44A8AC3AF6D /* TranslationModeResolver.swift */; };
		5CF8111E79805CD5959F4A1A /* KitBundle.swift in Sources */ = {isa = PBXBuildFile; fileRef = C6AB5207E3650A75110EF192 /* KitBundle.swift */; };
		60944E4652A2157B6C2E31A1 /* OpenAIRequestBodyBuilderTests.swift in Sources */ = {isa = PBXBuildFile; fileRef = 7D8BE457F963CF4E40F2055C /* OpenAIRequestBodyBuilderTests.swift */; };
		63F34EA981DBA3CA220D4E37 /* ReasoningFlagTests.swift in Sources */ = {isa = PBXBuildFile; fileRef = 8A68F0DCDEC5B70ACF295E68 /* ReasoningFlagTests.swift */; };
		65410243B5F549BD22C53693 /* ModelRatingsTests.swift in Sources */ = {isa = PBXBuildFile; fileRef = 47067685FB7B0CA9533D427F /* ModelRatingsTests.swift */; };
		67CC95B18E89DC41DDEC2039 /* ImageDownsamplerTests.swift in Sources */ = {isa = PBXBuildFile; fileRef = AE86ADA999768AAFC1000F50 /* ImageDownsamplerTests.swift */; };
		684AA000A3AE576B62871DA8 /* TranslateImageIntent.swift in Sources */ = {isa = PBXBuildFile; fileRef = B3FF73C50FE8ADC1244023C1 /* TranslateImageIntent.swift */; };
		6DD00BE963ACD73B1FB67594 /* ContentView.swift in Sources */ = {isa = PBXBuildFile; fileRef = B93A6C54D21EF37F5F8C1C91 /* ContentView.swift */; };
		6F69C01D34D9004C3E1E9810 /* LLMTranslateKit.framework in Frameworks */ = {isa = PBXBuildFile; fileRef = 9539654B8CE780535DC0ADE7 /* LLMTranslateKit.framework */; };
		738ACBC069F0B8687AA8DF86 /* ImageResizeMath.swift in Sources */ = {isa = PBXBuildFile; fileRef = 877C092A85DBC34DDB52F790 /* ImageResizeMath.swift */; };
		74AD89B8B4172CEA7C3B80E6 /* ImageTranslationView.swift in Sources */ = {isa = PBXBuildFile; fileRef = 4E3E736CD516923085A18030 /* ImageTranslationView.swift */; };
		75767D8B66B926DFA9F1FB7C /* ModelsHomeView.swift in Sources */ = {isa = PBXBuildFile; fileRef = 5AB98F5A2C569E61113B1042 /* ModelsHomeView.swift */; };
		76C46C875D0E22DEC7362B4C /* RegionOverlayModel.swift in Sources */ = {isa = PBXBuildFile; fileRef = E099FFE46D0E8033377DBBC5 /* RegionOverlayModel.swift */; };
		794D31B51EEBFFCC4C595BE3 /* ProviderFactory.swift in Sources */ = {isa = PBXBuildFile; fileRef = A2382E337984EF9A3B032593 /* ProviderFactory.swift */; };
		7DBAB451CDDF66BB968D4BF8 /* TranslationCache.swift in Sources */ = {isa = PBXBuildFile; fileRef = 8B7CFA23EC960A0DB236612F /* TranslationCache.swift */; };
		80440F6B8CC7F2EC529C850F /* TextRegionGrouper.swift in Sources */ = {isa = PBXBuildFile; fileRef = 19D3700C64814E928590FC53 /* TextRegionGrouper.swift */; };
		80B22A3A5D75B2FD50D23095 /* GlossaryEntryTests.swift in Sources */ = {isa = PBXBuildFile; fileRef = EBF4397D1436ED4FE63B23DA /* GlossaryEntryTests.swift */; };
		823B13BC2831B7A23F76426D /* UsageCounter.swift in Sources */ = {isa = PBXBuildFile; fileRef = 2265D50EA341C8AFC1164F09 /* UsageCounter.swift */; };
		82C5E2AB3659967D49E9AD70 /* LLMTranslateKit.framework in Frameworks */ = {isa = PBXBuildFile; fileRef = 9539654B8CE780535DC0ADE7 /* LLMTranslateKit.framework */; };
		82FD0E03442029150E4B4278 /* ProfileMigration.swift in Sources */ = {isa = PBXBuildFile; fileRef = 250BF753C6C59B2C2FF088F4 /* ProfileMigration.swift */; };
		83B0B33F50FE049B2C1ED115 /* GeminiRequestBodyBuilderTests.swift in Sources */ = {isa = PBXBuildFile; fileRef = 893BB397A019474585C2438E /* GeminiRequestBodyBuilderTests.swift */; };
		871BDF7A967018FCE9119138 /* TextRegionGrouperTests.swift in Sources */ = {isa = PBXBuildFile; fileRef = 1ADF0BC373BB776BDF5A6836 /* TextRegionGrouperTests.swift */; };
		88AFBD44DBDA6F1976DBD461 /* NotesMarkerParser.swift in Sources */ = {isa = PBXBuildFile; fileRef = 403D7F2ACFEC2EDADB5FF4A7 /* NotesMarkerParser.swift */; };
		8E527205EA1F9F75BAEFD548 /* DictionaryModeDetector.swift in Sources */ = {isa = PBXBuildFile; fileRef = F8CC6E8FBDB378A0D9CA59BE /* DictionaryModeDetector.swift */; };
		8E826D80E41777BD26C7EC6B /* RequestLog.swift in Sources */ = {isa = PBXBuildFile; fileRef = C56CEA618656E817AA5185E5 /* RequestLog.swift */; };
		933350A71F8C9ABF5A012940 /* SharedIdentifiers.swift in Sources */ = {isa = PBXBuildFile; fileRef = 336AEB960B0597E171014FA1 /* SharedIdentifiers.swift */; };
		9376B93D534B1180134E3F78 /* PromptBuilder.swift in Sources */ = {isa = PBXBuildFile; fileRef = 8751E1D96EAE562E478F1451 /* PromptBuilder.swift */; };
		939AF423AC86680D35F28CF5 /* PendingImageTranslationTests.swift in Sources */ = {isa = PBXBuildFile; fileRef = C30943A0C5D05C211E883ABD /* PendingImageTranslationTests.swift */; };
		9487ABB06B88097185B852C9 /* LocalLanguageDetector.swift in Sources */ = {isa = PBXBuildFile; fileRef = 1BF83BD70DBF8B99ABF22C34 /* LocalLanguageDetector.swift */; };
		949BDCA74E722C6FA5E1CC66 /* LLMTranslateControl.swift in Sources */ = {isa = PBXBuildFile; fileRef = 84216DA4F2DF754088771E5E /* LLMTranslateControl.swift */; };
		94DD5D0B201AA6528283899A /* SSEStreamRunner.swift in Sources */ = {isa = PBXBuildFile; fileRef = BCF1CF118A639582B9FCBDCC /* SSEStreamRunner.swift */; };
		970D4B2816A286AA488D7B1E /* LLMTranslateShareExt.appex in Embed Foundation Extensions */ = {isa = PBXBuildFile; fileRef = 8CF593D8FD9F4C4D7CFC34C0 /* LLMTranslateShareExt.appex */; settings = {ATTRIBUTES = (RemoveHeadersOnCopy, ); }; };
		990CF404D07B73F1D2723996 /* StreamEvent.swift in Sources */ = {isa = PBXBuildFile; fileRef = A976C4CD7DA8EAAA29615084 /* StreamEvent.swift */; };
		9CD50CE38A6B82E6A02B4321 /* TranslationProvider.swift in Sources */ = {isa = PBXBuildFile; fileRef = 117FB7B54A62B7DC1DADA66E /* TranslationProvider.swift */; };
		9D6734B2C99D916A30C27C38 /* OpenAICompatibleProvider.swift in Sources */ = {isa = PBXBuildFile; fileRef = 1C2963634E793E7E4B577E50 /* OpenAICompatibleProvider.swift */; };
		A02528FFFCE60EA1BC0FA99E /* RegionTranslationParser.swift in Sources */ = {isa = PBXBuildFile; fileRef = A3B34DB2C712CE90A5646D31 /* RegionTranslationParser.swift */; };
		A0CA8CB42463CC286861E178 /* LLMTranslateKit.framework in Frameworks */ = {isa = PBXBuildFile; fileRef = 9539654B8CE780535DC0ADE7 /* LLMTranslateKit.framework */; };
		A100F602DEB5599230153253 /* AnthropicProvider.swift in Sources */ = {isa = PBXBuildFile; fileRef = 584859A6C18224CACDE75296 /* AnthropicProvider.swift */; };
		A45E2B47E2DF900263A5084B /* TextDirectionResolverTests.swift in Sources */ = {isa = PBXBuildFile; fileRef = F1CFE5374D21625FF48029E7 /* TextDirectionResolverTests.swift */; };
		A5601ADD0686E25438D11384 /* TranslationSession.swift in Sources */ = {isa = PBXBuildFile; fileRef = 37F84B61A6259F4C09D28961 /* TranslationSession.swift */; };
		A7ECC89917B79DF6C473D3EB /* GeminiSSELineParser.swift in Sources */ = {isa = PBXBuildFile; fileRef = 77FB6A9BB531EBDFAC84F71B /* GeminiSSELineParser.swift */; };
		A92365EEC1D08368AA112995 /* RegionBatchTests.swift in Sources */ = {isa = PBXBuildFile; fileRef = 71C0F658E68ECB1C3BE0A087 /* RegionBatchTests.swift */; };
		AAABCE2B55FDCDEBDCE67513 /* TranslationError.swift in Sources */ = {isa = PBXBuildFile; fileRef = DFB783F4D1ACD64CB41A91C0 /* TranslationError.swift */; };
		AADCEBE11C0DE1448E923057 /* LanguagePairResolver.swift in Sources */ = {isa = PBXBuildFile; fileRef = 8B7F057DCCADC682137DB983 /* LanguagePairResolver.swift */; };
		AC5A6D78A011DF93C66BE8CF /* LLMTranslateApp.swift in Sources */ = {isa = PBXBuildFile; fileRef = 52AAF72A9E0846E855FB9E5E /* LLMTranslateApp.swift */; };
		B12BB09AC8330DF935FCBCB6 /* ConnectionProfile.swift in Sources */ = {isa = PBXBuildFile; fileRef = 5A1BC11941D69FE6510B1FBF /* ConnectionProfile.swift */; };
		B1AFD308D8A68BA270FB6A25 /* ConnectionWizardView.swift in Sources */ = {isa = PBXBuildFile; fileRef = E16291B2F2CF753F28AC6943 /* ConnectionWizardView.swift */; };
		B647DE51F94501E07A345318 /* TranslateExtension.swift in Sources */ = {isa = PBXBuildFile; fileRef = BE374DD991081575EBDDDDD6 /* TranslateExtension.swift */; };
		B91236C31B851852F83D65E6 /* PendingImageTranslation.swift in Sources */ = {isa = PBXBuildFile; fileRef = 41B920C2125E95EFDFD6F36A /* PendingImageTranslation.swift */; };
		BF65F702CE006F80F81ED0B3 /* LLMTranslateKit.framework in Frameworks */ = {isa = PBXBuildFile; fileRef = 9539654B8CE780535DC0ADE7 /* LLMTranslateKit.framework */; };
		C078FBBD420E68B72EFE78A1 /* AnthropicRequestBodyBuilder.swift in Sources */ = {isa = PBXBuildFile; fileRef = B2F8FB914FBB66959B4569E4 /* AnthropicRequestBodyBuilder.swift */; };
		C0993EA74870C895E025880F /* LLMTranslateControl.appex in Embed Foundation Extensions */ = {isa = PBXBuildFile; fileRef = B1F1D88EAD6BCC63F498A044 /* LLMTranslateControl.appex */; settings = {ATTRIBUTES = (RemoveHeadersOnCopy, ); }; };
		C1A04179E386CA50DD09F8E7 /* UsageCounterTests.swift in Sources */ = {isa = PBXBuildFile; fileRef = D8B55A913579512B8A8BE7B9 /* UsageCounterTests.swift */; };
		C275230FD4BEFBFD030AAA10 /* ShareViewController.swift in Sources */ = {isa = PBXBuildFile; fileRef = 982F0AEF6EB49FDBDAEE0EBE /* ShareViewController.swift */; };
		C5E6A21A3E5E56A7BFA47235 /* ProviderID.swift in Sources */ = {isa = PBXBuildFile; fileRef = 1E59DB2AF723934D934CD5AC /* ProviderID.swift */; };
		C65A9B117693B9A72F6BE605 /* SettingsView.swift in Sources */ = {isa = PBXBuildFile; fileRef = FF41FD0A4B6670AD9EBFAF47 /* SettingsView.swift */; };
		C8315A9019FD16A2B6AA59D7 /* KeychainStore.swift in Sources */ = {isa = PBXBuildFile; fileRef = B2B25D92987790000A59057F /* KeychainStore.swift */; };
		C873FB68E538D1EF08D3044A /* OnboardingView.swift in Sources */ = {isa = PBXBuildFile; fileRef = B53660EB8CFCB825F8E188F8 /* OnboardingView.swift */; };
		CC348C51CE4FB69E618D29B0 /* KeychainStoreTests.swift in Sources */ = {isa = PBXBuildFile; fileRef = FC076123478CA0FE5CFDB527 /* KeychainStoreTests.swift */; };
		CCF4B70F8D596A737763D9FA /* ImageDownsampler.swift in Sources */ = {isa = PBXBuildFile; fileRef = 458A7C22F5C95005659B35F9 /* ImageDownsampler.swift */; };
		D24E2C0F09DA6CB29AEAF4A9 /* SlotID.swift in Sources */ = {isa = PBXBuildFile; fileRef = 70B00DA699B883AA762E042C /* SlotID.swift */; };
		D2C44A516CDCF8070EC4D6B1 /* SSELineAssembler.swift in Sources */ = {isa = PBXBuildFile; fileRef = 7B499903D30C770750E10267 /* SSELineAssembler.swift */; };
		DA6D5826749C850BF6251B62 /* LLMTranslateKit.framework in Embed Frameworks */ = {isa = PBXBuildFile; fileRef = 9539654B8CE780535DC0ADE7 /* LLMTranslateKit.framework */; settings = {ATTRIBUTES = (CodeSignOnCopy, RemoveHeadersOnCopy, ); }; };
		E2A83791F886FE01601A3AD4 /* LanguagesAndPromptsView.swift in Sources */ = {isa = PBXBuildFile; fileRef = 5B89AF025064C2CA80641500 /* LanguagesAndPromptsView.swift */; };
		E6685F9F9F335C65C20AD28F /* LLMTranslateSettings.swift in Sources */ = {isa = PBXBuildFile; fileRef = 4768ACEBC356362820BD6700 /* LLMTranslateSettings.swift */; };
		ED47C30E991AFAF3AC552D2A /* AnthropicStreamParsingTests.swift in Sources */ = {isa = PBXBuildFile; fileRef = A9671D6F4E22E04107094DC9 /* AnthropicStreamParsingTests.swift */; };
		EE1E1D701CFAEF0A63DABC8E /* TranslationMode.swift in Sources */ = {isa = PBXBuildFile; fileRef = 8CE2F6E4EE7ADAEB18639550 /* TranslationMode.swift */; };
		EE6BFF6E9A180CDF09C99A4E /* ErrorMappingTests.swift in Sources */ = {isa = PBXBuildFile; fileRef = E7C79511DE472363A31667EE /* ErrorMappingTests.swift */; };
		F5F9F781BBFB504DFD55CDF9 /* RegionSheetPlanner.swift in Sources */ = {isa = PBXBuildFile; fileRef = DD9C1DE05D3905689BF3F4DC /* RegionSheetPlanner.swift */; };
		F791710FD10F463E01187DD5 /* GeminiRequestBodyBuilder.swift in Sources */ = {isa = PBXBuildFile; fileRef = 8713737D66C65B427F8DFFDD /* GeminiRequestBodyBuilder.swift */; };
		FA33EA1CFB0657D8EFF5F2DB /* TranslateImageIntent.swift in Sources */ = {isa = PBXBuildFile; fileRef = B3FF73C50FE8ADC1244023C1 /* TranslateImageIntent.swift */; };
		FA90755006EF1F8BB6EE4D15 /* RequestLogTests.swift in Sources */ = {isa = PBXBuildFile; fileRef = 07A07F0B6E6118301069C970 /* RequestLogTests.swift */; };
		FC97C3ADBF5112A5A31AB953 /* OpenAIStreamEvent.swift in Sources */ = {isa = PBXBuildFile; fileRef = D6BB0D693A3D358EF653D621 /* OpenAIStreamEvent.swift */; };
		FCD2BEA297B229F1372BA882 /* TranslateLatestScreenshotIntent.swift in Sources */ = {isa = PBXBuildFile; fileRef = 1C8ADEBC01036535C1350720 /* TranslateLatestScreenshotIntent.swift */; };
		FD21BB9F1056307224D30C45 /* ModelDescriptor.swift in Sources */ = {isa = PBXBuildFile; fileRef = 5F3E4E4AB469A92B34B005ED /* ModelDescriptor.swift */; };
		FEB34C5FE17D235A73810C3C /* GlossaryEntry.swift in Sources */ = {isa = PBXBuildFile; fileRef = E87BBE06B02562173AA6088C /* GlossaryEntry.swift */; };
/* End PBXBuildFile section */

/* Begin PBXContainerItemProxy section */
		58421CF25BA6300CF1F31EE5 /* PBXContainerItemProxy */ = {
			isa = PBXContainerItemProxy;
			containerPortal = CF6438D21A60277A255B4070 /* Project object */;
			proxyType = 1;
			remoteGlobalIDString = F05B66213C7E5D198DF1CF85;
			remoteInfo = LLMTranslateKit;
		};
		62833AE9E2FA4C165BE4B2C9 /* PBXContainerItemProxy */ = {
			isa = PBXContainerItemProxy;
			containerPortal = CF6438D21A60277A255B4070 /* Project object */;
			proxyType = 1;
			remoteGlobalIDString = F05B66213C7E5D198DF1CF85;
			remoteInfo = LLMTranslateKit;
		};
		69C5CB33F4EADD6A0D12B0D9 /* PBXContainerItemProxy */ = {
			isa = PBXContainerItemProxy;
			containerPortal = CF6438D21A60277A255B4070 /* Project object */;
			proxyType = 1;
			remoteGlobalIDString = CC6E9B5F165F689B4777D01D;
			remoteInfo = LLMTranslateShareExt;
		};
		9EAEE7E251763A9482B7D957 /* PBXContainerItemProxy */ = {
			isa = PBXContainerItemProxy;
			containerPortal = CF6438D21A60277A255B4070 /* Project object */;
			proxyType = 1;
			remoteGlobalIDString = F05B66213C7E5D198DF1CF85;
			remoteInfo = LLMTranslateKit;
		};
		B12CABC931499A357B718EE3 /* PBXContainerItemProxy */ = {
			isa = PBXContainerItemProxy;
			containerPortal = CF6438D21A60277A255B4070 /* Project object */;
			proxyType = 1;
			remoteGlobalIDString = F05B66213C7E5D198DF1CF85;
			remoteInfo = LLMTranslateKit;
		};
		BFAEE8873EF2C31909935159 /* PBXContainerItemProxy */ = {
			isa = PBXContainerItemProxy;
			containerPortal = CF6438D21A60277A255B4070 /* Project object */;
			proxyType = 1;
			remoteGlobalIDString = F05B66213C7E5D198DF1CF85;
			remoteInfo = LLMTranslateKit;
		};
		EC8C0B4601882B688A1E8DA1 /* PBXContainerItemProxy */ = {
			isa = PBXContainerItemProxy;
			containerPortal = CF6438D21A60277A255B4070 /* Project object */;
			proxyType = 1;
			remoteGlobalIDString = 38BEF504833E078CA3FCF14E;
			remoteInfo = LLMTranslateControl;
		};
		EEAABEEC7D885E2BD6C3FD8E /* PBXContainerItemProxy */ = {
			isa = PBXContainerItemProxy;
			containerPortal = CF6438D21A60277A255B4070 /* Project object */;
			proxyType = 1;
			remoteGlobalIDString = 843893F720B57A0618217E6A;
			remoteInfo = LLMTranslateTextExt;
		};
/* End PBXContainerItemProxy section */

/* Begin PBXCopyFilesBuildPhase section */
		4DC7D17AD5DBD2654C85204B /* Embed Foundation Extensions */ = {
			isa = PBXCopyFilesBuildPhase;
			buildActionMask = 2147483647;
			dstPath = "";
			dstSubfolderSpec = 13;
			files = (
				970D4B2816A286AA488D7B1E /* LLMTranslateShareExt.appex in Embed Foundation Extensions */,
				C0993EA74870C895E025880F /* LLMTranslateControl.appex in Embed Foundation Extensions */,
			);
			name = "Embed Foundation Extensions";
			runOnlyForDeploymentPostprocessing = 0;
		};
		8511A4666556D9D607C215E1 /* Embed Frameworks */ = {
			isa = PBXCopyFilesBuildPhase;
			buildActionMask = 2147483647;
			dstPath = "";
			dstSubfolderSpec = 10;
			files = (
				DA6D5826749C850BF6251B62 /* LLMTranslateKit.framework in Embed Frameworks */,
			);
			name = "Embed Frameworks";
			runOnlyForDeploymentPostprocessing = 0;
		};
		98DD6B8621192D7E6F818698 /* Embed ExtensionKit Extensions */ = {
			isa = PBXCopyFilesBuildPhase;
			buildActionMask = 2147483647;
			dstPath = "$(EXTENSIONS_FOLDER_PATH)";
			dstSubfolderSpec = 16;
			files = (
				155AF487F96631B09348F3CF /* LLMTranslateTextExt.appex in Embed ExtensionKit Extensions */,
			);
			name = "Embed ExtensionKit Extensions";
			runOnlyForDeploymentPostprocessing = 0;
		};
		E13932A01C0F107D4B42DF86 /* Embed Frameworks */ = {
			isa = PBXCopyFilesBuildPhase;
			buildActionMask = 2147483647;
			dstPath = "";
			dstSubfolderSpec = 10;
			files = (
				0B79EFB61F835223F9886A18 /* LLMTranslateKit.framework in Embed Frameworks */,
			);
			name = "Embed Frameworks";
			runOnlyForDeploymentPostprocessing = 0;
		};
/* End PBXCopyFilesBuildPhase section */

/* Begin PBXFileReference section */
		0394A1E1D225AEFAD958F190 /* DictionaryModeDetectorTests.swift */ = {isa = PBXFileReference; lastKnownFileType = sourcecode.swift; path = DictionaryModeDetectorTests.swift; sourceTree = "<group>"; };
		0545749AAADD5FE9C1811F7C /* TextDirectionResolver.swift */ = {isa = PBXFileReference; lastKnownFileType = sourcecode.swift; path = TextDirectionResolver.swift; sourceTree = "<group>"; };
		07A07F0B6E6118301069C970 /* RequestLogTests.swift */ = {isa = PBXFileReference; lastKnownFileType = sourcecode.swift; path = RequestLogTests.swift; sourceTree = "<group>"; };
		0CACC3565FCF5F71EC7850D2 /* ModelPickerView.swift */ = {isa = PBXFileReference; lastKnownFileType = sourcecode.swift; path = ModelPickerView.swift; sourceTree = "<group>"; };
		0D3FDEE09FA24DB5261F2174 /* TranslationCacheKeyTests.swift */ = {isa = PBXFileReference; lastKnownFileType = sourcecode.swift; path = TranslationCacheKeyTests.swift; sourceTree = "<group>"; };
		117FB7B54A62B7DC1DADA66E /* TranslationProvider.swift */ = {isa = PBXFileReference; lastKnownFileType = sourcecode.swift; path = TranslationProvider.swift; sourceTree = "<group>"; };
		19D3700C64814E928590FC53 /* TextRegionGrouper.swift */ = {isa = PBXFileReference; lastKnownFileType = sourcecode.swift; path = TextRegionGrouper.swift; sourceTree = "<group>"; };
		1ADF0BC373BB776BDF5A6836 /* TextRegionGrouperTests.swift */ = {isa = PBXFileReference; lastKnownFileType = sourcecode.swift; path = TextRegionGrouperTests.swift; sourceTree = "<group>"; };
		1BF83BD70DBF8B99ABF22C34 /* LocalLanguageDetector.swift */ = {isa = PBXFileReference; lastKnownFileType = sourcecode.swift; path = LocalLanguageDetector.swift; sourceTree = "<group>"; };
		1C2963634E793E7E4B577E50 /* OpenAICompatibleProvider.swift */ = {isa = PBXFileReference; lastKnownFileType = sourcecode.swift; path = OpenAICompatibleProvider.swift; sourceTree = "<group>"; };
		1C8ADEBC01036535C1350720 /* TranslateLatestScreenshotIntent.swift */ = {isa = PBXFileReference; lastKnownFileType = sourcecode.swift; path = TranslateLatestScreenshotIntent.swift; sourceTree = "<group>"; };
		1E1AB3C52C951EB946786772 /* ResponseSanitizer.swift */ = {isa = PBXFileReference; lastKnownFileType = sourcecode.swift; path = ResponseSanitizer.swift; sourceTree = "<group>"; };
		1E59DB2AF723934D934CD5AC /* ProviderID.swift */ = {isa = PBXFileReference; lastKnownFileType = sourcecode.swift; path = ProviderID.swift; sourceTree = "<group>"; };
		2014F0715F9F630785125977 /* ModelRatingsData.swift */ = {isa = PBXFileReference; lastKnownFileType = sourcecode.swift; path = ModelRatingsData.swift; sourceTree = "<group>"; };
		2265D50EA341C8AFC1164F09 /* UsageCounter.swift */ = {isa = PBXFileReference; lastKnownFileType = sourcecode.swift; path = UsageCounter.swift; sourceTree = "<group>"; };
		250BF753C6C59B2C2FF088F4 /* ProfileMigration.swift */ = {isa = PBXFileReference; lastKnownFileType = sourcecode.swift; path = ProfileMigration.swift; sourceTree = "<group>"; };
		27C530367D8D8BBA93269453 /* OpenAIModelListParsing.swift */ = {isa = PBXFileReference; lastKnownFileType = sourcecode.swift; path = OpenAIModelListParsing.swift; sourceTree = "<group>"; };
		2CBE023F4FA32F68870C89E0 /* OpenAIRequestBodyBuilder.swift */ = {isa = PBXFileReference; lastKnownFileType = sourcecode.swift; path = OpenAIRequestBodyBuilder.swift; sourceTree = "<group>"; };
		32DC139895C3EFC6D7623688 /* OpenAIModelListParsingTests.swift */ = {isa = PBXFileReference; lastKnownFileType = sourcecode.swift; path = OpenAIModelListParsingTests.swift; sourceTree = "<group>"; };
		332552E108D071D3BDCF5DE9 /* NotesMarkerParserTests.swift */ = {isa = PBXFileReference; lastKnownFileType = sourcecode.swift; path = NotesMarkerParserTests.swift; sourceTree = "<group>"; };
		336AEB960B0597E171014FA1 /* SharedIdentifiers.swift */ = {isa = PBXFileReference; lastKnownFileType = sourcecode.swift; path = SharedIdentifiers.swift; sourceTree = "<group>"; };
		37F84B61A6259F4C09D28961 /* TranslationSession.swift */ = {isa = PBXFileReference; lastKnownFileType = sourcecode.swift; path = TranslationSession.swift; sourceTree = "<group>"; };
		3B1C0AD30D27941EF4F1BF5E /* ConnectionProfileTests.swift */ = {isa = PBXFileReference; lastKnownFileType = sourcecode.swift; path = ConnectionProfileTests.swift; sourceTree = "<group>"; };
		403D7F2ACFEC2EDADB5FF4A7 /* NotesMarkerParser.swift */ = {isa = PBXFileReference; lastKnownFileType = sourcecode.swift; path = NotesMarkerParser.swift; sourceTree = "<group>"; };
		41B920C2125E95EFDFD6F36A /* PendingImageTranslation.swift */ = {isa = PBXFileReference; lastKnownFileType = sourcecode.swift; path = PendingImageTranslation.swift; sourceTree = "<group>"; };
		435AA8D74EBD1902BD2CB532 /* AnthropicRequestBodyBuilderTests.swift */ = {isa = PBXFileReference; lastKnownFileType = sourcecode.swift; path = AnthropicRequestBodyBuilderTests.swift; sourceTree = "<group>"; };
		4572E1FCF82BA512D1A2B3EA /* ImagePreparation.swift */ = {isa = PBXFileReference; lastKnownFileType = sourcecode.swift; path = ImagePreparation.swift; sourceTree = "<group>"; };
		458A7C22F5C95005659B35F9 /* ImageDownsampler.swift */ = {isa = PBXFileReference; lastKnownFileType = sourcecode.swift; path = ImageDownsampler.swift; sourceTree = "<group>"; };
		47067685FB7B0CA9533D427F /* ModelRatingsTests.swift */ = {isa = PBXFileReference; lastKnownFileType = sourcecode.swift; path = ModelRatingsTests.swift; sourceTree = "<group>"; };
		4768ACEBC356362820BD6700 /* LLMTranslateSettings.swift */ = {isa = PBXFileReference; lastKnownFileType = sourcecode.swift; path = LLMTranslateSettings.swift; sourceTree = "<group>"; };
		4E3E736CD516923085A18030 /* ImageTranslationView.swift */ = {isa = PBXFileReference; lastKnownFileType = sourcecode.swift; path = ImageTranslationView.swift; sourceTree = "<group>"; };
		52AAF72A9E0846E855FB9E5E /* LLMTranslateApp.swift */ = {isa = PBXFileReference; lastKnownFileType = sourcecode.swift; path = LLMTranslateApp.swift; sourceTree = "<group>"; };
		5331BF8BE9942A161FEE4B3D /* LLMTranslateTextExt.appex */ = {isa = PBXFileReference; explicitFileType = "wrapper.extensionkit-extension"; includeInIndex = 0; path = LLMTranslateTextExt.appex; sourceTree = BUILT_PRODUCTS_DIR; };
		584859A6C18224CACDE75296 /* AnthropicProvider.swift */ = {isa = PBXFileReference; lastKnownFileType = sourcecode.swift; path = AnthropicProvider.swift; sourceTree = "<group>"; };
		5970F1EFE77148CA68B8D875 /* ScreenshotRegionsView.swift */ = {isa = PBXFileReference; lastKnownFileType = sourcecode.swift; path = ScreenshotRegionsView.swift; sourceTree = "<group>"; };
		5A1BC11941D69FE6510B1FBF /* ConnectionProfile.swift */ = {isa = PBXFileReference; lastKnownFileType = sourcecode.swift; path = ConnectionProfile.swift; sourceTree = "<group>"; };
		5AB98F5A2C569E61113B1042 /* ModelsHomeView.swift */ = {isa = PBXFileReference; lastKnownFileType = sourcecode.swift; path = ModelsHomeView.swift; sourceTree = "<group>"; };
		5B89AF025064C2CA80641500 /* LanguagesAndPromptsView.swift */ = {isa = PBXFileReference; lastKnownFileType = sourcecode.swift; path = LanguagesAndPromptsView.swift; sourceTree = "<group>"; };
		5C7478424B86275762E23729 /* TranslationCacheKey.swift */ = {isa = PBXFileReference; lastKnownFileType = sourcecode.swift; path = TranslationCacheKey.swift; sourceTree = "<group>"; };
		5E3DC73C1ED1F53BCE3D6EE0 /* TextRegionDetector.swift */ = {isa = PBXFileReference; lastKnownFileType = sourcecode.swift; path = TextRegionDetector.swift; sourceTree = "<group>"; };
		5F3E4E4AB469A92B34B005ED /* ModelDescriptor.swift */ = {isa = PBXFileReference; lastKnownFileType = sourcecode.swift; path = ModelDescriptor.swift; sourceTree = "<group>"; };
		6922F85B8A483A457C63E843 /* GlossaryEditorView.swift */ = {isa = PBXFileReference; lastKnownFileType = sourcecode.swift; path = GlossaryEditorView.swift; sourceTree = "<group>"; };
		70B00DA699B883AA762E042C /* SlotID.swift */ = {isa = PBXFileReference; lastKnownFileType = sourcecode.swift; path = SlotID.swift; sourceTree = "<group>"; };
		71C0F658E68ECB1C3BE0A087 /* RegionBatchTests.swift */ = {isa = PBXFileReference; lastKnownFileType = sourcecode.swift; path = RegionBatchTests.swift; sourceTree = "<group>"; };
		77FB6A9BB531EBDFAC84F71B /* GeminiSSELineParser.swift */ = {isa = PBXFileReference; lastKnownFileType = sourcecode.swift; path = GeminiSSELineParser.swift; sourceTree = "<group>"; };
		7B499903D30C770750E10267 /* SSELineAssembler.swift */ = {isa = PBXFileReference; lastKnownFileType = sourcecode.swift; path = SSELineAssembler.swift; sourceTree = "<group>"; };
		7C2BF02DCCAB0C128308F78C /* TranslationModeResolverTests.swift */ = {isa = PBXFileReference; lastKnownFileType = sourcecode.swift; path = TranslationModeResolverTests.swift; sourceTree = "<group>"; };
		7C94AF28F595FE71A9515E99 /* LLMTranslateKitTests.xctest */ = {isa = PBXFileReference; includeInIndex = 0; lastKnownFileType = wrapper.cfbundle; path = LLMTranslateKitTests.xctest; sourceTree = BUILT_PRODUCTS_DIR; };
		7D8BE457F963CF4E40F2055C /* OpenAIRequestBodyBuilderTests.swift */ = {isa = PBXFileReference; lastKnownFileType = sourcecode.swift; path = OpenAIRequestBodyBuilderTests.swift; sourceTree = "<group>"; };
		84216DA4F2DF754088771E5E /* LLMTranslateControl.swift */ = {isa = PBXFileReference; lastKnownFileType = sourcecode.swift; path = LLMTranslateControl.swift; sourceTree = "<group>"; };
		8687044768EDE93C0A68794A /* GeminiProvider.swift */ = {isa = PBXFileReference; lastKnownFileType = sourcecode.swift; path = GeminiProvider.swift; sourceTree = "<group>"; };
		8713737D66C65B427F8DFFDD /* GeminiRequestBodyBuilder.swift */ = {isa = PBXFileReference; lastKnownFileType = sourcecode.swift; path = GeminiRequestBodyBuilder.swift; sourceTree = "<group>"; };
		8751E1D96EAE562E478F1451 /* PromptBuilder.swift */ = {isa = PBXFileReference; lastKnownFileType = sourcecode.swift; path = PromptBuilder.swift; sourceTree = "<group>"; };
		877C092A85DBC34DDB52F790 /* ImageResizeMath.swift */ = {isa = PBXFileReference; lastKnownFileType = sourcecode.swift; path = ImageResizeMath.swift; sourceTree = "<group>"; };
		893BB397A019474585C2438E /* GeminiRequestBodyBuilderTests.swift */ = {isa = PBXFileReference; lastKnownFileType = sourcecode.swift; path = GeminiRequestBodyBuilderTests.swift; sourceTree = "<group>"; };
		8A09249FFA8887DFE0B9517F /* ModelRatings.swift */ = {isa = PBXFileReference; lastKnownFileType = sourcecode.swift; path = ModelRatings.swift; sourceTree = "<group>"; };
		8A68F0DCDEC5B70ACF295E68 /* ReasoningFlagTests.swift */ = {isa = PBXFileReference; lastKnownFileType = sourcecode.swift; path = ReasoningFlagTests.swift; sourceTree = "<group>"; };
		8B7CFA23EC960A0DB236612F /* TranslationCache.swift */ = {isa = PBXFileReference; lastKnownFileType = sourcecode.swift; path = TranslationCache.swift; sourceTree = "<group>"; };
		8B7F057DCCADC682137DB983 /* LanguagePairResolver.swift */ = {isa = PBXFileReference; lastKnownFileType = sourcecode.swift; path = LanguagePairResolver.swift; sourceTree = "<group>"; };
		8C2EFC3A76BE96DF729832FC /* ImagePreparationTests.swift */ = {isa = PBXFileReference; lastKnownFileType = sourcecode.swift; path = ImagePreparationTests.swift; sourceTree = "<group>"; };
		8CE2F6E4EE7ADAEB18639550 /* TranslationMode.swift */ = {isa = PBXFileReference; lastKnownFileType = sourcecode.swift; path = TranslationMode.swift; sourceTree = "<group>"; };
		8CF593D8FD9F4C4D7CFC34C0 /* LLMTranslateShareExt.appex */ = {isa = PBXFileReference; includeInIndex = 0; lastKnownFileType = "wrapper.app-extension"; path = LLMTranslateShareExt.appex; sourceTree = BUILT_PRODUCTS_DIR; };
		92518E2ECB8C6B573F67D882 /* TranslateShortcuts.swift */ = {isa = PBXFileReference; lastKnownFileType = sourcecode.swift; path = TranslateShortcuts.swift; sourceTree = "<group>"; };
		9539654B8CE780535DC0ADE7 /* LLMTranslateKit.framework */ = {isa = PBXFileReference; explicitFileType = wrapper.framework; includeInIndex = 0; path = LLMTranslateKit.framework; sourceTree = BUILT_PRODUCTS_DIR; };
		982F0AEF6EB49FDBDAEE0EBE /* ShareViewController.swift */ = {isa = PBXFileReference; lastKnownFileType = sourcecode.swift; path = ShareViewController.swift; sourceTree = "<group>"; };
		99D7A70FA9FB13D00DEB1053 /* ScreenshotFetcher.swift */ = {isa = PBXFileReference; lastKnownFileType = sourcecode.swift; path = ScreenshotFetcher.swift; sourceTree = "<group>"; };
		A0C8D96CA4723A54A81B323D /* GeminiStreamParsingTests.swift */ = {isa = PBXFileReference; lastKnownFileType = sourcecode.swift; path = GeminiStreamParsingTests.swift; sourceTree = "<group>"; };
		A2382E337984EF9A3B032593 /* ProviderFactory.swift */ = {isa = PBXFileReference; lastKnownFileType = sourcecode.swift; path = ProviderFactory.swift; sourceTree = "<group>"; };
		A3B34DB2C712CE90A5646D31 /* RegionTranslationParser.swift */ = {isa = PBXFileReference; lastKnownFileType = sourcecode.swift; path = RegionTranslationParser.swift; sourceTree = "<group>"; };
		A9671D6F4E22E04107094DC9 /* AnthropicStreamParsingTests.swift */ = {isa = PBXFileReference; lastKnownFileType = sourcecode.swift; path = AnthropicStreamParsingTests.swift; sourceTree = "<group>"; };
		A976C4CD7DA8EAAA29615084 /* StreamEvent.swift */ = {isa = PBXFileReference; lastKnownFileType = sourcecode.swift; path = StreamEvent.swift; sourceTree = "<group>"; };
		AE86ADA999768AAFC1000F50 /* ImageDownsamplerTests.swift */ = {isa = PBXFileReference; lastKnownFileType = sourcecode.swift; path = ImageDownsamplerTests.swift; sourceTree = "<group>"; };
		B1F1D88EAD6BCC63F498A044 /* LLMTranslateControl.appex */ = {isa = PBXFileReference; includeInIndex = 0; lastKnownFileType = "wrapper.app-extension"; path = LLMTranslateControl.appex; sourceTree = BUILT_PRODUCTS_DIR; };
		B2B25D92987790000A59057F /* KeychainStore.swift */ = {isa = PBXFileReference; lastKnownFileType = sourcecode.swift; path = KeychainStore.swift; sourceTree = "<group>"; };
		B2F8FB914FBB66959B4569E4 /* AnthropicRequestBodyBuilder.swift */ = {isa = PBXFileReference; lastKnownFileType = sourcecode.swift; path = AnthropicRequestBodyBuilder.swift; sourceTree = "<group>"; };
		B3FF73C50FE8ADC1244023C1 /* TranslateImageIntent.swift */ = {isa = PBXFileReference; lastKnownFileType = sourcecode.swift; path = TranslateImageIntent.swift; sourceTree = "<group>"; };
		B53660EB8CFCB825F8E188F8 /* OnboardingView.swift */ = {isa = PBXFileReference; lastKnownFileType = sourcecode.swift; path = OnboardingView.swift; sourceTree = "<group>"; };
		B567BB15FCCFE44A8AC3AF6D /* TranslationModeResolver.swift */ = {isa = PBXFileReference; lastKnownFileType = sourcecode.swift; path = TranslationModeResolver.swift; sourceTree = "<group>"; };
		B93A6C54D21EF37F5F8C1C91 /* ContentView.swift */ = {isa = PBXFileReference; lastKnownFileType = sourcecode.swift; path = ContentView.swift; sourceTree = "<group>"; };
		BCF1CF118A639582B9FCBDCC /* SSEStreamRunner.swift */ = {isa = PBXFileReference; lastKnownFileType = sourcecode.swift; path = SSEStreamRunner.swift; sourceTree = "<group>"; };
		BE374DD991081575EBDDDDD6 /* TranslateExtension.swift */ = {isa = PBXFileReference; lastKnownFileType = sourcecode.swift; path = TranslateExtension.swift; sourceTree = "<group>"; };
		C30943A0C5D05C211E883ABD /* PendingImageTranslationTests.swift */ = {isa = PBXFileReference; lastKnownFileType = sourcecode.swift; path = PendingImageTranslationTests.swift; sourceTree = "<group>"; };
		C56CEA618656E817AA5185E5 /* RequestLog.swift */ = {isa = PBXFileReference; lastKnownFileType = sourcecode.swift; path = RequestLog.swift; sourceTree = "<group>"; };
		C6AB5207E3650A75110EF192 /* KitBundle.swift */ = {isa = PBXFileReference; lastKnownFileType = sourcecode.swift; path = KitBundle.swift; sourceTree = "<group>"; };
		C9B7E42750E331E7BE91B690 /* ZoomableImagePane.swift */ = {isa = PBXFileReference; lastKnownFileType = sourcecode.swift; path = ZoomableImagePane.swift; sourceTree = "<group>"; };
		CD986FE554F421EB969123E3 /* LLMTranslate.app */ = {isa = PBXFileReference; includeInIndex = 0; lastKnownFileType = wrapper.application; path = LLMTranslate.app; sourceTree = BUILT_PRODUCTS_DIR; };
		D0BD8AFF3F8ACE381B522738 /* ResponseSanitizerTests.swift */ = {isa = PBXFileReference; lastKnownFileType = sourcecode.swift; path = ResponseSanitizerTests.swift; sourceTree = "<group>"; };
		D6BB0D693A3D358EF653D621 /* OpenAIStreamEvent.swift */ = {isa = PBXFileReference; lastKnownFileType = sourcecode.swift; path = OpenAIStreamEvent.swift; sourceTree = "<group>"; };
		D8B55A913579512B8A8BE7B9 /* UsageCounterTests.swift */ = {isa = PBXFileReference; lastKnownFileType = sourcecode.swift; path = UsageCounterTests.swift; sourceTree = "<group>"; };
		DC73BEDF0D7C23FAD93AA3D7 /* TranslationRequest.swift */ = {isa = PBXFileReference; lastKnownFileType = sourcecode.swift; path = TranslationRequest.swift; sourceTree = "<group>"; };
		DD9C1DE05D3905689BF3F4DC /* RegionSheetPlanner.swift */ = {isa = PBXFileReference; lastKnownFileType = sourcecode.swift; path = RegionSheetPlanner.swift; sourceTree = "<group>"; };
		DFB783F4D1ACD64CB41A91C0 /* TranslationError.swift */ = {isa = PBXFileReference; lastKnownFileType = sourcecode.swift; path = TranslationError.swift; sourceTree = "<group>"; };
		E099FFE46D0E8033377DBBC5 /* RegionOverlayModel.swift */ = {isa = PBXFileReference; lastKnownFileType = sourcecode.swift; path = RegionOverlayModel.swift; sourceTree = "<group>"; };
		E16291B2F2CF753F28AC6943 /* ConnectionWizardView.swift */ = {isa = PBXFileReference; lastKnownFileType = sourcecode.swift; path = ConnectionWizardView.swift; sourceTree = "<group>"; };
		E2EC2F08C8B4833BF7A4A209 /* AnthropicSSELineParser.swift */ = {isa = PBXFileReference; lastKnownFileType = sourcecode.swift; path = AnthropicSSELineParser.swift; sourceTree = "<group>"; };
		E4D6E1492091E44C8937E929 /* OpenAISSEParsingTests.swift */ = {isa = PBXFileReference; lastKnownFileType = sourcecode.swift; path = OpenAISSEParsingTests.swift; sourceTree = "<group>"; };
		E7C79511DE472363A31667EE /* ErrorMappingTests.swift */ = {isa = PBXFileReference; lastKnownFileType = sourcecode.swift; path = ErrorMappingTests.swift; sourceTree = "<group>"; };
		E87BBE06B02562173AA6088C /* GlossaryEntry.swift */ = {isa = PBXFileReference; lastKnownFileType = sourcecode.swift; path = GlossaryEntry.swift; sourceTree = "<group>"; };
		EBF4397D1436ED4FE63B23DA /* GlossaryEntryTests.swift */ = {isa = PBXFileReference; lastKnownFileType = sourcecode.swift; path = GlossaryEntryTests.swift; sourceTree = "<group>"; };
		EFCA0E2540AA096146F6B6F2 /* DebugAndUsageView.swift */ = {isa = PBXFileReference; lastKnownFileType = sourcecode.swift; path = DebugAndUsageView.swift; sourceTree = "<group>"; };
		F1CFE5374D21625FF48029E7 /* TextDirectionResolverTests.swift */ = {isa = PBXFileReference; lastKnownFileType = sourcecode.swift; path = TextDirectionResolverTests.swift; sourceTree = "<group>"; };
		F8CC6E8FBDB378A0D9CA59BE /* DictionaryModeDetector.swift */ = {isa = PBXFileReference; lastKnownFileType = sourcecode.swift; path = DictionaryModeDetector.swift; sourceTree = "<group>"; };
		FC076123478CA0FE5CFDB527 /* KeychainStoreTests.swift */ = {isa = PBXFileReference; lastKnownFileType = sourcecode.swift; path = KeychainStoreTests.swift; sourceTree = "<group>"; };
		FF41FD0A4B6670AD9EBFAF47 /* SettingsView.swift */ = {isa = PBXFileReference; lastKnownFileType = sourcecode.swift; path = SettingsView.swift; sourceTree = "<group>"; };
		FF9DA30F53E6FB78973256D8 /* LanguagePairResolverTests.swift */ = {isa = PBXFileReference; lastKnownFileType = sourcecode.swift; path = LanguagePairResolverTests.swift; sourceTree = "<group>"; };
/* End PBXFileReference section */

/* Begin PBXFrameworksBuildPhase section */
		272705C8951D6DC29713DDB8 /* Frameworks */ = {
			isa = PBXFrameworksBuildPhase;
			buildActionMask = 2147483647;
			files = (
				82C5E2AB3659967D49E9AD70 /* LLMTranslateKit.framework in Frameworks */,
			);
			runOnlyForDeploymentPostprocessing = 0;
		};
		6053393A88AEE31462AFEB0C /* Frameworks */ = {
			isa = PBXFrameworksBuildPhase;
			buildActionMask = 2147483647;
			files = (
				A0CA8CB42463CC286861E178 /* LLMTranslateKit.framework in Frameworks */,
			);
			runOnlyForDeploymentPostprocessing = 0;
		};
		61BC314EA46F82EA625AF6D7 /* Frameworks */ = {
			isa = PBXFrameworksBuildPhase;
			buildActionMask = 2147483647;
			files = (
				20CCB18A68420D62B4B2E867 /* LLMTranslateKit.framework in Frameworks */,
			);
			runOnlyForDeploymentPostprocessing = 0;
		};
		A4ADE75D348E25D4F890BFEC /* Frameworks */ = {
			isa = PBXFrameworksBuildPhase;
			buildActionMask = 2147483647;
			files = (
				6F69C01D34D9004C3E1E9810 /* LLMTranslateKit.framework in Frameworks */,
			);
			runOnlyForDeploymentPostprocessing = 0;
		};
		D70E669C609BC87311E7F5A0 /* Frameworks */ = {
			isa = PBXFrameworksBuildPhase;
			buildActionMask = 2147483647;
			files = (
				BF65F702CE006F80F81ED0B3 /* LLMTranslateKit.framework in Frameworks */,
			);
			runOnlyForDeploymentPostprocessing = 0;
		};
/* End PBXFrameworksBuildPhase section */

/* Begin PBXGroup section */
		0053A443A5F760FC228D526F /* Keychain */ = {
			isa = PBXGroup;
			children = (
				B2B25D92987790000A59057F /* KeychainStore.swift */,
			);
			path = Keychain;
			sourceTree = "<group>";
		};
		01248EE28F2032DDFC3347E8 /* UI */ = {
			isa = PBXGroup;
			children = (
				4E3E736CD516923085A18030 /* ImageTranslationView.swift */,
				E099FFE46D0E8033377DBBC5 /* RegionOverlayModel.swift */,
				5970F1EFE77148CA68B8D875 /* ScreenshotRegionsView.swift */,
				C9B7E42750E331E7BE91B690 /* ZoomableImagePane.swift */,
			);
			path = UI;
			sourceTree = "<group>";
		};
		02EDC3E542A3D3E3651B6C87 /* Sources */ = {
			isa = PBXGroup;
			children = (
				C6AB5207E3650A75110EF192 /* KitBundle.swift */,
				336AEB960B0597E171014FA1 /* SharedIdentifiers.swift */,
				DFB783F4D1ACD64CB41A91C0 /* TranslationError.swift */,
				117FB7B54A62B7DC1DADA66E /* TranslationProvider.swift */,
				FE81DA696A43527007F13A69 /* Automation */,
				52C450C3AF2C204426547DD3 /* Cache */,
				C54DE197C9A7E259AE417C24 /* Image */,
				0053A443A5F760FC228D526F /* Keychain */,
				179F06EB6E800F88EBF5E2FB /* Language */,
				6F19B0167A2FF537363CDE24 /* Models */,
				6B10C2E2015CBBBDEE7C32C3 /* Orchestration */,
				A031DC6C84C2C0973838A895 /* Prompting */,
				C715E9BD91F9E383BE03B940 /* Providers */,
				97FE4B84F0EEA3C265171A6B /* Settings */,
				01248EE28F2032DDFC3347E8 /* UI */,
				1EC5BF5AC515206ABD5E5871 /* Usage */,
			);
			name = Sources;
			path = LLMTranslateKit/Sources;
			sourceTree = "<group>";
		};
		16B4105CBDBC9CEAC19DCB9A /* Intents */ = {
			isa = PBXGroup;
			children = (
				B3FF73C50FE8ADC1244023C1 /* TranslateImageIntent.swift */,
				1C8ADEBC01036535C1350720 /* TranslateLatestScreenshotIntent.swift */,
				92518E2ECB8C6B573F67D882 /* TranslateShortcuts.swift */,
			);
			path = Intents;
			sourceTree = "<group>";
		};
		179F06EB6E800F88EBF5E2FB /* Language */ = {
			isa = PBXGroup;
			children = (
				F8CC6E8FBDB378A0D9CA59BE /* DictionaryModeDetector.swift */,
				8B7F057DCCADC682137DB983 /* LanguagePairResolver.swift */,
				1BF83BD70DBF8B99ABF22C34 /* LocalLanguageDetector.swift */,
				0545749AAADD5FE9C1811F7C /* TextDirectionResolver.swift */,
			);
			path = Language;
			sourceTree = "<group>";
		};
		1EC5BF5AC515206ABD5E5871 /* Usage */ = {
			isa = PBXGroup;
			children = (
				C56CEA618656E817AA5185E5 /* RequestLog.swift */,
				2265D50EA341C8AFC1164F09 /* UsageCounter.swift */,
			);
			path = Usage;
			sourceTree = "<group>";
		};
		28D6F0A1AA99081819B19E28 /* Gemini */ = {
			isa = PBXGroup;
			children = (
				8687044768EDE93C0A68794A /* GeminiProvider.swift */,
				8713737D66C65B427F8DFFDD /* GeminiRequestBodyBuilder.swift */,
				77FB6A9BB531EBDFAC84F71B /* GeminiSSELineParser.swift */,
			);
			path = Gemini;
			sourceTree = "<group>";
		};
		3C3AAC33F39B81331C367818 /* Anthropic */ = {
			isa = PBXGroup;
			children = (
				584859A6C18224CACDE75296 /* AnthropicProvider.swift */,
				B2F8FB914FBB66959B4569E4 /* AnthropicRequestBodyBuilder.swift */,
				E2EC2F08C8B4833BF7A4A209 /* AnthropicSSELineParser.swift */,
			);
			path = Anthropic;
			sourceTree = "<group>";
		};
		52C450C3AF2C204426547DD3 /* Cache */ = {
			isa = PBXGroup;
			children = (
				8B7CFA23EC960A0DB236612F /* TranslationCache.swift */,
				5C7478424B86275762E23729 /* TranslationCacheKey.swift */,
			);
			path = Cache;
			sourceTree = "<group>";
		};
		562081612CCD2FF479BC761B /* Sources */ = {
			isa = PBXGroup;
			children = (
				982F0AEF6EB49FDBDAEE0EBE /* ShareViewController.swift */,
			);
			name = Sources;
			path = LLMTranslateShareExt/Sources;
			sourceTree = "<group>";
		};
		60D27FAA38264C2875740D57 /* LLMTranslateKitTests */ = {
			isa = PBXGroup;
			children = (
				435AA8D74EBD1902BD2CB532 /* AnthropicRequestBodyBuilderTests.swift */,
				A9671D6F4E22E04107094DC9 /* AnthropicStreamParsingTests.swift */,
				3B1C0AD30D27941EF4F1BF5E /* ConnectionProfileTests.swift */,
				0394A1E1D225AEFAD958F190 /* DictionaryModeDetectorTests.swift */,
				E7C79511DE472363A31667EE /* ErrorMappingTests.swift */,
				893BB397A019474585C2438E /* GeminiRequestBodyBuilderTests.swift */,
				A0C8D96CA4723A54A81B323D /* GeminiStreamParsingTests.swift */,
				EBF4397D1436ED4FE63B23DA /* GlossaryEntryTests.swift */,
				AE86ADA999768AAFC1000F50 /* ImageDownsamplerTests.swift */,
				8C2EFC3A76BE96DF729832FC /* ImagePreparationTests.swift */,
				FC076123478CA0FE5CFDB527 /* KeychainStoreTests.swift */,
				FF9DA30F53E6FB78973256D8 /* LanguagePairResolverTests.swift */,
				47067685FB7B0CA9533D427F /* ModelRatingsTests.swift */,
				332552E108D071D3BDCF5DE9 /* NotesMarkerParserTests.swift */,
				32DC139895C3EFC6D7623688 /* OpenAIModelListParsingTests.swift */,
				7D8BE457F963CF4E40F2055C /* OpenAIRequestBodyBuilderTests.swift */,
				E4D6E1492091E44C8937E929 /* OpenAISSEParsingTests.swift */,
				C30943A0C5D05C211E883ABD /* PendingImageTranslationTests.swift */,
				8A68F0DCDEC5B70ACF295E68 /* ReasoningFlagTests.swift */,
				71C0F658E68ECB1C3BE0A087 /* RegionBatchTests.swift */,
				07A07F0B6E6118301069C970 /* RequestLogTests.swift */,
				D0BD8AFF3F8ACE381B522738 /* ResponseSanitizerTests.swift */,
				F1CFE5374D21625FF48029E7 /* TextDirectionResolverTests.swift */,
				1ADF0BC373BB776BDF5A6836 /* TextRegionGrouperTests.swift */,
				0D3FDEE09FA24DB5261F2174 /* TranslationCacheKeyTests.swift */,
				7C2BF02DCCAB0C128308F78C /* TranslationModeResolverTests.swift */,
				D8B55A913579512B8A8BE7B9 /* UsageCounterTests.swift */,
			);
			path = LLMTranslateKitTests;
			sourceTree = "<group>";
		};
		6B10C2E2015CBBBDEE7C32C3 /* Orchestration */ = {
			isa = PBXGroup;
			children = (
				37F84B61A6259F4C09D28961 /* TranslationSession.swift */,
			);
			path = Orchestration;
			sourceTree = "<group>";
		};
		6ECD1330C3E52F8529B447DB /* Sources */ = {
			isa = PBXGroup;
			children = (
				BE374DD991081575EBDDDDD6 /* TranslateExtension.swift */,
			);
			name = Sources;
			path = LLMTranslateTextExt/Sources;
			sourceTree = "<group>";
		};
		6F19B0167A2FF537363CDE24 /* Models */ = {
			isa = PBXGroup;
			children = (
				5A1BC11941D69FE6510B1FBF /* ConnectionProfile.swift */,
				E87BBE06B02562173AA6088C /* GlossaryEntry.swift */,
				5F3E4E4AB469A92B34B005ED /* ModelDescriptor.swift */,
				8A09249FFA8887DFE0B9517F /* ModelRatings.swift */,
				2014F0715F9F630785125977 /* ModelRatingsData.swift */,
				1E59DB2AF723934D934CD5AC /* ProviderID.swift */,
				70B00DA699B883AA762E042C /* SlotID.swift */,
				A976C4CD7DA8EAAA29615084 /* StreamEvent.swift */,
				8CE2F6E4EE7ADAEB18639550 /* TranslationMode.swift */,
				DC73BEDF0D7C23FAD93AA3D7 /* TranslationRequest.swift */,
			);
			path = Models;
			sourceTree = "<group>";
		};
		719F4DA3230F18EF1DBA08D2 /* OpenAI */ = {
			isa = PBXGroup;
			children = (
				1C2963634E793E7E4B577E50 /* OpenAICompatibleProvider.swift */,
				27C530367D8D8BBA93269453 /* OpenAIModelListParsing.swift */,
				2CBE023F4FA32F68870C89E0 /* OpenAIRequestBodyBuilder.swift */,
				D6BB0D693A3D358EF653D621 /* OpenAIStreamEvent.swift */,
				7B499903D30C770750E10267 /* SSELineAssembler.swift */,
			);
			path = OpenAI;
			sourceTree = "<group>";
		};
		8AF449B7B4844C2FF29E42C6 /* Products */ = {
			isa = PBXGroup;
			children = (
				CD986FE554F421EB969123E3 /* LLMTranslate.app */,
				B1F1D88EAD6BCC63F498A044 /* LLMTranslateControl.appex */,
				9539654B8CE780535DC0ADE7 /* LLMTranslateKit.framework */,
				7C94AF28F595FE71A9515E99 /* LLMTranslateKitTests.xctest */,
				8CF593D8FD9F4C4D7CFC34C0 /* LLMTranslateShareExt.appex */,
				5331BF8BE9942A161FEE4B3D /* LLMTranslateTextExt.appex */,
			);
			name = Products;
			sourceTree = "<group>";
		};
		9315E2FFACB87DF0192B9E1F = {
			isa = PBXGroup;
			children = (
				60D27FAA38264C2875740D57 /* LLMTranslateKitTests */,
				BA44359F0E391F52B4F221DD /* Sources */,
				E1FC92C695F15A13E29C19ED /* Sources */,
				02EDC3E542A3D3E3651B6C87 /* Sources */,
				562081612CCD2FF479BC761B /* Sources */,
				6ECD1330C3E52F8529B447DB /* Sources */,
				8AF449B7B4844C2FF29E42C6 /* Products */,
			);
			sourceTree = "<group>";
		};
		97FE4B84F0EEA3C265171A6B /* Settings */ = {
			isa = PBXGroup;
			children = (
				4768ACEBC356362820BD6700 /* LLMTranslateSettings.swift */,
				250BF753C6C59B2C2FF088F4 /* ProfileMigration.swift */,
			);
			path = Settings;
			sourceTree = "<group>";
		};
		A031DC6C84C2C0973838A895 /* Prompting */ = {
			isa = PBXGroup;
			children = (
				403D7F2ACFEC2EDADB5FF4A7 /* NotesMarkerParser.swift */,
				8751E1D96EAE562E478F1451 /* PromptBuilder.swift */,
				A3B34DB2C712CE90A5646D31 /* RegionTranslationParser.swift */,
				1E1AB3C52C951EB946786772 /* ResponseSanitizer.swift */,
				B567BB15FCCFE44A8AC3AF6D /* TranslationModeResolver.swift */,
			);
			path = Prompting;
			sourceTree = "<group>";
		};
		BA44359F0E391F52B4F221DD /* Sources */ = {
			isa = PBXGroup;
			children = (
				E16291B2F2CF753F28AC6943 /* ConnectionWizardView.swift */,
				B93A6C54D21EF37F5F8C1C91 /* ContentView.swift */,
				EFCA0E2540AA096146F6B6F2 /* DebugAndUsageView.swift */,
				6922F85B8A483A457C63E843 /* GlossaryEditorView.swift */,
				5B89AF025064C2CA80641500 /* LanguagesAndPromptsView.swift */,
				52AAF72A9E0846E855FB9E5E /* LLMTranslateApp.swift */,
				0CACC3565FCF5F71EC7850D2 /* ModelPickerView.swift */,
				5AB98F5A2C569E61113B1042 /* ModelsHomeView.swift */,
				B53660EB8CFCB825F8E188F8 /* OnboardingView.swift */,
				FF41FD0A4B6670AD9EBFAF47 /* SettingsView.swift */,
				16B4105CBDBC9CEAC19DCB9A /* Intents */,
			);
			name = Sources;
			path = LLMTranslate/Sources;
			sourceTree = "<group>";
		};
		C54DE197C9A7E259AE417C24 /* Image */ = {
			isa = PBXGroup;
			children = (
				458A7C22F5C95005659B35F9 /* ImageDownsampler.swift */,
				4572E1FCF82BA512D1A2B3EA /* ImagePreparation.swift */,
				877C092A85DBC34DDB52F790 /* ImageResizeMath.swift */,
				DD9C1DE05D3905689BF3F4DC /* RegionSheetPlanner.swift */,
				5E3DC73C1ED1F53BCE3D6EE0 /* TextRegionDetector.swift */,
				19D3700C64814E928590FC53 /* TextRegionGrouper.swift */,
			);
			path = Image;
			sourceTree = "<group>";
		};
		C715E9BD91F9E383BE03B940 /* Providers */ = {
			isa = PBXGroup;
			children = (
				A2382E337984EF9A3B032593 /* ProviderFactory.swift */,
				3C3AAC33F39B81331C367818 /* Anthropic */,
				28D6F0A1AA99081819B19E28 /* Gemini */,
				719F4DA3230F18EF1DBA08D2 /* OpenAI */,
				E863F8EF165A2C4E9BAA69B9 /* Shared */,
			);
			path = Providers;
			sourceTree = "<group>";
		};
		E1FC92C695F15A13E29C19ED /* Sources */ = {
			isa = PBXGroup;
			children = (
				84216DA4F2DF754088771E5E /* LLMTranslateControl.swift */,
			);
			name = Sources;
			path = LLMTranslateControl/Sources;
			sourceTree = "<group>";
		};
		E863F8EF165A2C4E9BAA69B9 /* Shared */ = {
			isa = PBXGroup;
			children = (
				BCF1CF118A639582B9FCBDCC /* SSEStreamRunner.swift */,
			);
			path = Shared;
			sourceTree = "<group>";
		};
		FE81DA696A43527007F13A69 /* Automation */ = {
			isa = PBXGroup;
			children = (
				41B920C2125E95EFDFD6F36A /* PendingImageTranslation.swift */,
				99D7A70FA9FB13D00DEB1053 /* ScreenshotFetcher.swift */,
			);
			path = Automation;
			sourceTree = "<group>";
		};
/* End PBXGroup section */

/* Begin PBXNativeTarget section */
		38BEF504833E078CA3FCF14E /* LLMTranslateControl */ = {
			isa = PBXNativeTarget;
			buildConfigurationList = BE46769625E8B8D9F5A06CD7 /* Build configuration list for PBXNativeTarget "LLMTranslateControl" */;
			buildPhases = (
				D8BB1A5560447C4396186257 /* Sources */,
				D70E669C609BC87311E7F5A0 /* Frameworks */,
				45D45F3CF836100EB72FBD38 /* Скопировать Localizable.strings (xcodegen не группирует .strings как localized resource) */,
			);
			buildRules = (
			);
			dependencies = (
				924D5C0293888FBA5A72FBEA /* PBXTargetDependency */,
			);
			name = LLMTranslateControl;
			packageProductDependencies = (
			);
			productName = LLMTranslateControl;
			productReference = B1F1D88EAD6BCC63F498A044 /* LLMTranslateControl.appex */;
			productType = "com.apple.product-type.app-extension";
		};
		49F058015A18679311C6827A /* LLMTranslate */ = {
			isa = PBXNativeTarget;
			buildConfigurationList = FEBC966DAE5E9F7BCA1E27CB /* Build configuration list for PBXNativeTarget "LLMTranslate" */;
			buildPhases = (
				EE03CBEEAC32B3F46DAC92E8 /* Sources */,
				272705C8951D6DC29713DDB8 /* Frameworks */,
				4DC7D17AD5DBD2654C85204B /* Embed Foundation Extensions */,
				98DD6B8621192D7E6F818698 /* Embed ExtensionKit Extensions */,
				E13932A01C0F107D4B42DF86 /* Embed Frameworks */,
				071EC37E06103855E3160A04 /* Добавить translation-ui-provider.network-access в Info.plist */,
				32AAC535AED19812EFF2F1FE /* Скомпилировать AppIcon вручную (actool не запускается штатно) */,
				F60E915798B9BD5B879EC9C2 /* Скопировать Localizable.strings (xcodegen не группирует .strings как localized resource) */,
			);
			buildRules = (
			);
			dependencies = (
				89C3B55C01D964414CE8745E /* PBXTargetDependency */,
				059BD34667D12C18671B5EC6 /* PBXTargetDependency */,
				7A9728D66408662CEE741113 /* PBXTargetDependency */,
				6D5A95E3BB6F0BCD243BD63D /* PBXTargetDependency */,
			);
			name = LLMTranslate;
			packageProductDependencies = (
			);
			productName = LLMTranslate;
			productReference = CD986FE554F421EB969123E3 /* LLMTranslate.app */;
			productType = "com.apple.product-type.application";
		};
		843893F720B57A0618217E6A /* LLMTranslateTextExt */ = {
			isa = PBXNativeTarget;
			buildConfigurationList = D31FC324DFA4F2E1FCF865AE /* Build configuration list for PBXNativeTarget "LLMTranslateTextExt" */;
			buildPhases = (
				AB86FF439A3F072F552D7EF8 /* Sources */,
				6053393A88AEE31462AFEB0C /* Frameworks */,
				F75DEF9736B445199C6D65FC /* Скопировать Localizable.strings (xcodegen не группирует .strings как localized resource) */,
			);
			buildRules = (
			);
			dependencies = (
				0ACDF6A4B9C5454465316F15 /* PBXTargetDependency */,
			);
			name = LLMTranslateTextExt;
			packageProductDependencies = (
			);
			productName = LLMTranslateTextExt;
			productReference = 5331BF8BE9942A161FEE4B3D /* LLMTranslateTextExt.appex */;
			productType = "com.apple.product-type.extensionkit-extension";
		};
		BD3918A8A4173BA079E294B2 /* LLMTranslateKitTests */ = {
			isa = PBXNativeTarget;
			buildConfigurationList = B4AF613222F60B76C4193D8E /* Build configuration list for PBXNativeTarget "LLMTranslateKitTests" */;
			buildPhases = (
				F2F8DD9F7C02A18396647590 /* Sources */,
				A4ADE75D348E25D4F890BFEC /* Frameworks */,
				8511A4666556D9D607C215E1 /* Embed Frameworks */,
			);
			buildRules = (
			);
			dependencies = (
				F7BBDC38CF908C57E615ED32 /* PBXTargetDependency */,
			);
			name = LLMTranslateKitTests;
			packageProductDependencies = (
			);
			productName = LLMTranslateKitTests;
			productReference = 7C94AF28F595FE71A9515E99 /* LLMTranslateKitTests.xctest */;
			productType = "com.apple.product-type.bundle.unit-test";
		};
		CC6E9B5F165F689B4777D01D /* LLMTranslateShareExt */ = {
			isa = PBXNativeTarget;
			buildConfigurationList = 14256EC1C2A760638DB28024 /* Build configuration list for PBXNativeTarget "LLMTranslateShareExt" */;
			buildPhases = (
				3D0BD0A0AFB291F2BFC692AA /* Sources */,
				61BC314EA46F82EA625AF6D7 /* Frameworks */,
				D21670626C97C65C574E0D9D /* Скопировать Localizable.strings (xcodegen не группирует .strings как localized resource) */,
			);
			buildRules = (
			);
			dependencies = (
				9A000A5A537394CC215A49A9 /* PBXTargetDependency */,
			);
			name = LLMTranslateShareExt;
			packageProductDependencies = (
			);
			productName = LLMTranslateShareExt;
			productReference = 8CF593D8FD9F4C4D7CFC34C0 /* LLMTranslateShareExt.appex */;
			productType = "com.apple.product-type.app-extension";
		};
		F05B66213C7E5D198DF1CF85 /* LLMTranslateKit */ = {
			isa = PBXNativeTarget;
			buildConfigurationList = 3EB5FFCA2C36B7CAE3294941 /* Build configuration list for PBXNativeTarget "LLMTranslateKit" */;
			buildPhases = (
				83A03F995915F999F3531783 /* Sources */,
				6AC79B8B7AE929643F66DA82 /* Скопировать Localizable.strings (xcodegen не группирует .strings как localized resource) */,
			);
			buildRules = (
			);
			dependencies = (
			);
			name = LLMTranslateKit;
			packageProductDependencies = (
			);
			productName = LLMTranslateKit;
			productReference = 9539654B8CE780535DC0ADE7 /* LLMTranslateKit.framework */;
			productType = "com.apple.product-type.framework";
		};
/* End PBXNativeTarget section */

/* Begin PBXProject section */
		CF6438D21A60277A255B4070 /* Project object */ = {
			isa = PBXProject;
			attributes = {
				BuildIndependentTargetsInParallel = YES;
				LastUpgradeCheck = 1430;
				TargetAttributes = {
					38BEF504833E078CA3FCF14E = {
						DevelopmentTeam = 6X8WWWZ5AU;
						ProvisioningStyle = Automatic;
					};
					49F058015A18679311C6827A = {
						DevelopmentTeam = 6X8WWWZ5AU;
						ProvisioningStyle = Automatic;
					};
					843893F720B57A0618217E6A = {
						DevelopmentTeam = 6X8WWWZ5AU;
						ProvisioningStyle = Automatic;
					};
					BD3918A8A4173BA079E294B2 = {
						DevelopmentTeam = 6X8WWWZ5AU;
						ProvisioningStyle = Automatic;
					};
					CC6E9B5F165F689B4777D01D = {
						DevelopmentTeam = 6X8WWWZ5AU;
						ProvisioningStyle = Automatic;
					};
					F05B66213C7E5D198DF1CF85 = {
						DevelopmentTeam = 6X8WWWZ5AU;
						ProvisioningStyle = Automatic;
					};
				};
			};
			buildConfigurationList = 0B05BCA580C4EDBB41C43314 /* Build configuration list for PBXProject "LLMTranslate" */;
			developmentRegion = ru;
			hasScannedForEncodings = 0;
			knownRegions = (
				Base,
				ru,
			);
			mainGroup = 9315E2FFACB87DF0192B9E1F;
			minimizedProjectReferenceProxies = 1;
			preferredProjectObjectVersion = 77;
			productRefGroup = 8AF449B7B4844C2FF29E42C6 /* Products */;
			projectDirPath = "";
			projectRoot = "";
			targets = (
				49F058015A18679311C6827A /* LLMTranslate */,
				843893F720B57A0618217E6A /* LLMTranslateTextExt */,
				CC6E9B5F165F689B4777D01D /* LLMTranslateShareExt */,
				38BEF504833E078CA3FCF14E /* LLMTranslateControl */,
				F05B66213C7E5D198DF1CF85 /* LLMTranslateKit */,
				BD3918A8A4173BA079E294B2 /* LLMTranslateKitTests */,
			);
		};
/* End PBXProject section */

/* Begin PBXShellScriptBuildPhase section */
		071EC37E06103855E3160A04 /* Добавить translation-ui-provider.network-access в Info.plist */ = {
			isa = PBXShellScriptBuildPhase;
			buildActionMask = 2147483647;
			files = (
			);
			inputFileListPaths = (
			);
			inputPaths = (
			);
			name = "Добавить translation-ui-provider.network-access в Info.plist";
			outputFileListPaths = (
			);
			outputPaths = (
			);
			runOnlyForDeploymentPostprocessing = 0;
			shellPath = /bin/sh;
			shellScript = "PLIST=\"$TARGET_BUILD_DIR/$INFOPLIST_PATH\"\n/usr/libexec/PlistBuddy -c \"Delete :com.apple.developer.translation-ui-provider.network-access\" \"$PLIST\" 2>/dev/null\n/usr/libexec/PlistBuddy -c \"Add :com.apple.developer.translation-ui-provider.network-access bool true\" \"$PLIST\"\n";
		};
		32AAC535AED19812EFF2F1FE /* Скомпилировать AppIcon вручную (actool не запускается штатно) */ = {
			isa = PBXShellScriptBuildPhase;
			buildActionMask = 2147483647;
			files = (
			);
			inputFileListPaths = (
			);
			inputPaths = (
			);
			name = "Скомпилировать AppIcon вручную (actool не запускается штатно)";
			outputFileListPaths = (
			);
			outputPaths = (
			);
			runOnlyForDeploymentPostprocessing = 0;
			shellPath = /bin/sh;
			shellScript = "ACTOOL_OUT=\"$TARGET_TEMP_DIR/actool_appicon\"\nrm -rf \"$ACTOOL_OUT\"\nmkdir -p \"$ACTOOL_OUT\"\n# Для устройства (iphoneos) actool с --minimum-deployment-target\n# отрабатывает штатно и собирает Assets.car — он обязателен для\n# App Store (иконка 1024 «Any Appearance» живёт в каталоге).\n# Для симулятора тот же флаг роняет actool спорной проверкой\n# simulator runtime, поэтому там остаётся прежний режим без него.\nEXTRA=\"\"\nif [ \"$PLATFORM_NAME\" = \"iphoneos\" ]; then\n  EXTRA=\"--minimum-deployment-target $IPHONEOS_DEPLOYMENT_TARGET --target-device iphone --target-device ipad\"\nfi\nxcrun actool --output-format human-readable-text --notices --warnings \\\n  --platform \"$PLATFORM_NAME\" $EXTRA \\\n  --app-icon AppIcon --output-partial-info-plist \"$ACTOOL_OUT/partial.plist\" \\\n  --enable-on-demand-resources NO \\\n  --compile \"$ACTOOL_OUT\" \\\n  \"$SRCROOT/LLMTranslate/Resources/Assets.xcassets\" || true\n\nif [ -f \"$ACTOOL_OUT/partial.plist\" ]; then\n  cp \"$ACTOOL_OUT\"/AppIcon*.png \"$TARGET_BUILD_DIR/$UNLOCALIZED_RESOURCES_FOLDER_PATH/\" 2>/dev/null\n  cp \"$ACTOOL_OUT/Assets.car\" \"$TARGET_BUILD_DIR/$UNLOCALIZED_RESOURCES_FOLDER_PATH/\" 2>/dev/null\n  PLIST=\"$TARGET_BUILD_DIR/$INFOPLIST_PATH\"\n  /usr/libexec/PlistBuddy -c \"Delete :CFBundleIcons\" \"$PLIST\" 2>/dev/null\n  /usr/libexec/PlistBuddy -c \"Delete :CFBundleIcons~ipad\" \"$PLIST\" 2>/dev/null\n  /usr/libexec/PlistBuddy -c \"Merge $ACTOOL_OUT/partial.plist\" \"$PLIST\"\nelse\n  echo \"warning: actool не создал partial.plist — иконка не встроена\"\nfi\n";
		};
		45D45F3CF836100EB72FBD38 /* Скопировать Localizable.strings (xcodegen не группирует .strings как localized resource) */ = {
			isa = PBXShellScriptBuildPhase;
			buildActionMask = 2147483647;
			files = (
			);
			inputFileListPaths = (
			);
			inputPaths = (
			);
			name = "Скопировать Localizable.strings (xcodegen не группирует .strings как localized resource)";
			outputFileListPaths = (
			);
			outputPaths = (
			);
			runOnlyForDeploymentPostprocessing = 0;
			shellPath = /bin/sh;
			shellScript = "DEST=\"$TARGET_BUILD_DIR/$UNLOCALIZED_RESOURCES_FOLDER_PATH/en.lproj\"\nmkdir -p \"$DEST\"\ncp \"$SRCROOT/LLMTranslateControl/Resources/en.lproj/Localizable.strings\" \"$DEST/\"\n";
		};
		6AC79B8B7AE929643F66DA82 /* Скопировать Localizable.strings (xcodegen не группирует .strings как localized resource) */ = {
			isa = PBXShellScriptBuildPhase;
			buildActionMask = 2147483647;
			files = (
			);
			inputFileListPaths = (
			);
			inputPaths = (
			);
			name = "Скопировать Localizable.strings (xcodegen не группирует .strings как localized resource)";
			outputFileListPaths = (
			);
			outputPaths = (
			);
			runOnlyForDeploymentPostprocessing = 0;
			shellPath = /bin/sh;
			shellScript = "DEST=\"$TARGET_BUILD_DIR/$UNLOCALIZED_RESOURCES_FOLDER_PATH/en.lproj\"\nmkdir -p \"$DEST\"\ncp \"$SRCROOT/LLMTranslateKit/Resources/en.lproj/Localizable.strings\" \"$DEST/\"\n";
		};
		D21670626C97C65C574E0D9D /* Скопировать Localizable.strings (xcodegen не группирует .strings как localized resource) */ = {
			isa = PBXShellScriptBuildPhase;
			buildActionMask = 2147483647;
			files = (
			);
			inputFileListPaths = (
			);
			inputPaths = (
			);
			name = "Скопировать Localizable.strings (xcodegen не группирует .strings как localized resource)";
			outputFileListPaths = (
			);
			outputPaths = (
			);
			runOnlyForDeploymentPostprocessing = 0;
			shellPath = /bin/sh;
			shellScript = "DEST=\"$TARGET_BUILD_DIR/$UNLOCALIZED_RESOURCES_FOLDER_PATH/en.lproj\"\nmkdir -p \"$DEST\"\ncp \"$SRCROOT/LLMTranslateShareExt/Resources/en.lproj/Localizable.strings\" \"$DEST/\"\n";
		};
		F60E915798B9BD5B879EC9C2 /* Скопировать Localizable.strings (xcodegen не группирует .strings как localized resource) */ = {
			isa = PBXShellScriptBuildPhase;
			buildActionMask = 2147483647;
			files = (
			);
			inputFileListPaths = (
			);
			inputPaths = (
			);
			name = "Скопировать Localizable.strings (xcodegen не группирует .strings как localized resource)";
			outputFileListPaths = (
			);
			outputPaths = (
			);
			runOnlyForDeploymentPostprocessing = 0;
			shellPath = /bin/sh;
			shellScript = "DEST=\"$TARGET_BUILD_DIR/$UNLOCALIZED_RESOURCES_FOLDER_PATH/en.lproj\"\nmkdir -p \"$DEST\"\ncp \"$SRCROOT/LLMTranslate/Resources/en.lproj/Localizable.strings\" \"$DEST/\"\n";
		};
		F75DEF9736B445199C6D65FC /* Скопировать Localizable.strings (xcodegen не группирует .strings как localized resource) */ = {
			isa = PBXShellScriptBuildPhase;
			buildActionMask = 2147483647;
			files = (
			);
			inputFileListPaths = (
			);
			inputPaths = (
			);
			name = "Скопировать Localizable.strings (xcodegen не группирует .strings как localized resource)";
			outputFileListPaths = (
			);
			outputPaths = (
			);
			runOnlyForDeploymentPostprocessing = 0;
			shellPath = /bin/sh;
			shellScript = "DEST=\"$TARGET_BUILD_DIR/$UNLOCALIZED_RESOURCES_FOLDER_PATH/en.lproj\"\nmkdir -p \"$DEST\"\ncp \"$SRCROOT/LLMTranslateTextExt/Resources/en.lproj/Localizable.strings\" \"$DEST/\"\n";
		};
/* End PBXShellScriptBuildPhase section */

/* Begin PBXSourcesBuildPhase section */
		3D0BD0A0AFB291F2BFC692AA /* Sources */ = {
			isa = PBXSourcesBuildPhase;
			buildActionMask = 2147483647;
			files = (
				C275230FD4BEFBFD030AAA10 /* ShareViewController.swift in Sources */,
			);
			runOnlyForDeploymentPostprocessing = 0;
		};
		83A03F995915F999F3531783 /* Sources */ = {
			isa = PBXSourcesBuildPhase;
			buildActionMask = 2147483647;
			files = (
				A100F602DEB5599230153253 /* AnthropicProvider.swift in Sources */,
				C078FBBD420E68B72EFE78A1 /* AnthropicRequestBodyBuilder.swift in Sources */,
				3206BF5E8C03DCC79DCDCE3F /* AnthropicSSELineParser.swift in Sources */,
				B12BB09AC8330DF935FCBCB6 /* ConnectionProfile.swift in Sources */,
				8E527205EA1F9F75BAEFD548 /* DictionaryModeDetector.swift in Sources */,
				383F781488B7CD29B8BA7139 /* GeminiProvider.swift in Sources */,
				F791710FD10F463E01187DD5 /* GeminiRequestBodyBuilder.swift in Sources */,
				A7ECC89917B79DF6C473D3EB /* GeminiSSELineParser.swift in Sources */,
				FEB34C5FE17D235A73810C3C /* GlossaryEntry.swift in Sources */,
				CCF4B70F8D596A737763D9FA /* ImageDownsampler.swift in Sources */,
				1C151CA01FE3B3BCC7CAB8E5 /* ImagePreparation.swift in Sources */,
				738ACBC069F0B8687AA8DF86 /* ImageResizeMath.swift in Sources */,
				74AD89B8B4172CEA7C3B80E6 /* ImageTranslationView.swift in Sources */,
				C8315A9019FD16A2B6AA59D7 /* KeychainStore.swift in Sources */,
				5CF8111E79805CD5959F4A1A /* KitBundle.swift in Sources */,
				E6685F9F9F335C65C20AD28F /* LLMTranslateSettings.swift in Sources */,
				AADCEBE11C0DE1448E923057 /* LanguagePairResolver.swift in Sources */,
				9487ABB06B88097185B852C9 /* LocalLanguageDetector.swift in Sources */,
				FD21BB9F1056307224D30C45 /* ModelDescriptor.swift in Sources */,
				06B38C9856CD8D6F96C88A58 /* ModelRatings.swift in Sources */,
				1BEBB84B5E109F2591DF3899 /* ModelRatingsData.swift in Sources */,
				88AFBD44DBDA6F1976DBD461 /* NotesMarkerParser.swift in Sources */,
				9D6734B2C99D916A30C27C38 /* OpenAICompatibleProvider.swift in Sources */,
				08E0BB1A1EF3792827DCFEB4 /* OpenAIModelListParsing.swift in Sources */,
				14D01A17F830D84AE0205DD9 /* OpenAIRequestBodyBuilder.swift in Sources */,
				FC97C3ADBF5112A5A31AB953 /* OpenAIStreamEvent.swift in Sources */,
				B91236C31B851852F83D65E6 /* PendingImageTranslation.swift in Sources */,
				82FD0E03442029150E4B4278 /* ProfileMigration.swift in Sources */,
				9376B93D534B1180134E3F78 /* PromptBuilder.swift in Sources */,
				794D31B51EEBFFCC4C595BE3 /* ProviderFactory.swift in Sources */,
				C5E6A21A3E5E56A7BFA47235 /* ProviderID.swift in Sources */,
				76C46C875D0E22DEC7362B4C /* RegionOverlayModel.swift in Sources */,
				F5F9F781BBFB504DFD55CDF9 /* RegionSheetPlanner.swift in Sources */,
				A02528FFFCE60EA1BC0FA99E /* RegionTranslationParser.swift in Sources */,
				8E826D80E41777BD26C7EC6B /* RequestLog.swift in Sources */,
				288F7BE65BD18229448F56A3 /* ResponseSanitizer.swift in Sources */,
				D2C44A516CDCF8070EC4D6B1 /* SSELineAssembler.swift in Sources */,
				94DD5D0B201AA6528283899A /* SSEStreamRunner.swift in Sources */,
				50C851F7AD8C1D53A5DF7020 /* ScreenshotFetcher.swift in Sources */,
				53C795A8EA303DE93EC4E337 /* ScreenshotRegionsView.swift in Sources */,
				933350A71F8C9ABF5A012940 /* SharedIdentifiers.swift in Sources */,
				D24E2C0F09DA6CB29AEAF4A9 /* SlotID.swift in Sources */,
				990CF404D07B73F1D2723996 /* StreamEvent.swift in Sources */,
				46C2A6B4A24C9DB9E3ABD085 /* TextDirectionResolver.swift in Sources */,
				08B67205874BAC35D2D091E1 /* TextRegionDetector.swift in Sources */,
				80440F6B8CC7F2EC529C850F /* TextRegionGrouper.swift in Sources */,
				7DBAB451CDDF66BB968D4BF8 /* TranslationCache.swift in Sources */,
				1C188940E67467B902DD8C75 /* TranslationCacheKey.swift in Sources */,
				AAABCE2B55FDCDEBDCE67513 /* TranslationError.swift in Sources */,
				EE1E1D701CFAEF0A63DABC8E /* TranslationMode.swift in Sources */,
				5B96692CB9A7FEB98E86A445 /* TranslationModeResolver.swift in Sources */,
				9CD50CE38A6B82E6A02B4321 /* TranslationProvider.swift in Sources */,
				118A4285BFEC6A08EC662589 /* TranslationRequest.swift in Sources */,
				A5601ADD0686E25438D11384 /* TranslationSession.swift in Sources */,
				823B13BC2831B7A23F76426D /* UsageCounter.swift in Sources */,
				02AA14CED5E6D1A85B2D4B63 /* ZoomableImagePane.swift in Sources */,
			);
			runOnlyForDeploymentPostprocessing = 0;
		};
		AB86FF439A3F072F552D7EF8 /* Sources */ = {
			isa = PBXSourcesBuildPhase;
			buildActionMask = 2147483647;
			files = (
				B647DE51F94501E07A345318 /* TranslateExtension.swift in Sources */,
			);
			runOnlyForDeploymentPostprocessing = 0;
		};
		D8BB1A5560447C4396186257 /* Sources */ = {
			isa = PBXSourcesBuildPhase;
			buildActionMask = 2147483647;
			files = (
				949BDCA74E722C6FA5E1CC66 /* LLMTranslateControl.swift in Sources */,
				FA33EA1CFB0657D8EFF5F2DB /* TranslateImageIntent.swift in Sources */,
				FCD2BEA297B229F1372BA882 /* TranslateLatestScreenshotIntent.swift in Sources */,
				17E7ABAB037BC1297CBD0E6C /* TranslateShortcuts.swift in Sources */,
			);
			runOnlyForDeploymentPostprocessing = 0;
		};
		EE03CBEEAC32B3F46DAC92E8 /* Sources */ = {
			isa = PBXSourcesBuildPhase;
			buildActionMask = 2147483647;
			files = (
				B1AFD308D8A68BA270FB6A25 /* ConnectionWizardView.swift in Sources */,
				6DD00BE963ACD73B1FB67594 /* ContentView.swift in Sources */,
				423D2BF3319A1DF675609266 /* DebugAndUsageView.swift in Sources */,
				55CCFF5F2608C517D986A2EF /* GlossaryEditorView.swift in Sources */,
				AC5A6D78A011DF93C66BE8CF /* LLMTranslateApp.swift in Sources */,
				E2A83791F886FE01601A3AD4 /* LanguagesAndPromptsView.swift in Sources */,
				10D4475146F6C7F4723F75AC /* ModelPickerView.swift in Sources */,
				75767D8B66B926DFA9F1FB7C /* ModelsHomeView.swift in Sources */,
				C873FB68E538D1EF08D3044A /* OnboardingView.swift in Sources */,
				C65A9B117693B9A72F6BE605 /* SettingsView.swift in Sources */,
				684AA000A3AE576B62871DA8 /* TranslateImageIntent.swift in Sources */,
				44E7FE936C1FB5AC5B4DA5A6 /* TranslateLatestScreenshotIntent.swift in Sources */,
				38048A4DCD5819517578E3AB /* TranslateShortcuts.swift in Sources */,
			);
			runOnlyForDeploymentPostprocessing = 0;
		};
		F2F8DD9F7C02A18396647590 /* Sources */ = {
			isa = PBXSourcesBuildPhase;
			buildActionMask = 2147483647;
			files = (
				15B7F332EE9DA2EFA1F611F0 /* AnthropicRequestBodyBuilderTests.swift in Sources */,
				ED47C30E991AFAF3AC552D2A /* AnthropicStreamParsingTests.swift in Sources */,
				08DD7E5B6C4935A05F2A393D /* ConnectionProfileTests.swift in Sources */,
				286E350E7FF6970183D5FB1B /* DictionaryModeDetectorTests.swift in Sources */,
				EE6BFF6E9A180CDF09C99A4E /* ErrorMappingTests.swift in Sources */,
				83B0B33F50FE049B2C1ED115 /* GeminiRequestBodyBuilderTests.swift in Sources */,
				151CF9AD6E92850AD448D091 /* GeminiStreamParsingTests.swift in Sources */,
				80B22A3A5D75B2FD50D23095 /* GlossaryEntryTests.swift in Sources */,
				67CC95B18E89DC41DDEC2039 /* ImageDownsamplerTests.swift in Sources */,
				4CBDDF596233340258CD955A /* ImagePreparationTests.swift in Sources */,
				CC348C51CE4FB69E618D29B0 /* KeychainStoreTests.swift in Sources */,
				4BD0E72F0BAB9D0DE026BE1A /* LanguagePairResolverTests.swift in Sources */,
				65410243B5F549BD22C53693 /* ModelRatingsTests.swift in Sources */,
				5B033CB0AA4F8E74B599D4BA /* NotesMarkerParserTests.swift in Sources */,
				4983177D70C0AB697EF93B4A /* OpenAIModelListParsingTests.swift in Sources */,
				60944E4652A2157B6C2E31A1 /* OpenAIRequestBodyBuilderTests.swift in Sources */,
				4A7664DBF8A25FCCB582BA0A /* OpenAISSEParsingTests.swift in Sources */,
				939AF423AC86680D35F28CF5 /* PendingImageTranslationTests.swift in Sources */,
				63F34EA981DBA3CA220D4E37 /* ReasoningFlagTests.swift in Sources */,
				A92365EEC1D08368AA112995 /* RegionBatchTests.swift in Sources */,
				FA90755006EF1F8BB6EE4D15 /* RequestLogTests.swift in Sources */,
				2BD67B44B952D1EDFD8D338D /* ResponseSanitizerTests.swift in Sources */,
				A45E2B47E2DF900263A5084B /* TextDirectionResolverTests.swift in Sources */,
				871BDF7A967018FCE9119138 /* TextRegionGrouperTests.swift in Sources */,
				4CFCB8E06D5FE1383DBD640B /* TranslationCacheKeyTests.swift in Sources */,
				4058AA715C6E9DC67F403C24 /* TranslationModeResolverTests.swift in Sources */,
				C1A04179E386CA50DD09F8E7 /* UsageCounterTests.swift in Sources */,
			);
			runOnlyForDeploymentPostprocessing = 0;
		};
/* End PBXSourcesBuildPhase section */

/* Begin PBXTargetDependency section */
		059BD34667D12C18671B5EC6 /* PBXTargetDependency */ = {
			isa = PBXTargetDependency;
			target = CC6E9B5F165F689B4777D01D /* LLMTranslateShareExt */;
			targetProxy = 69C5CB33F4EADD6A0D12B0D9 /* PBXContainerItemProxy */;
		};
		0ACDF6A4B9C5454465316F15 /* PBXTargetDependency */ = {
			isa = PBXTargetDependency;
			target = F05B66213C7E5D198DF1CF85 /* LLMTranslateKit */;
			targetProxy = 62833AE9E2FA4C165BE4B2C9 /* PBXContainerItemProxy */;
		};
		6D5A95E3BB6F0BCD243BD63D /* PBXTargetDependency */ = {
			isa = PBXTargetDependency;
			target = F05B66213C7E5D198DF1CF85 /* LLMTranslateKit */;
			targetProxy = 58421CF25BA6300CF1F31EE5 /* PBXContainerItemProxy */;
		};
		7A9728D66408662CEE741113 /* PBXTargetDependency */ = {
			isa = PBXTargetDependency;
			target = 38BEF504833E078CA3FCF14E /* LLMTranslateControl */;
			targetProxy = EC8C0B4601882B688A1E8DA1 /* PBXContainerItemProxy */;
		};
		89C3B55C01D964414CE8745E /* PBXTargetDependency */ = {
			isa = PBXTargetDependency;
			target = 843893F720B57A0618217E6A /* LLMTranslateTextExt */;
			targetProxy = EEAABEEC7D885E2BD6C3FD8E /* PBXContainerItemProxy */;
		};
		924D5C0293888FBA5A72FBEA /* PBXTargetDependency */ = {
			isa = PBXTargetDependency;
			target = F05B66213C7E5D198DF1CF85 /* LLMTranslateKit */;
			targetProxy = BFAEE8873EF2C31909935159 /* PBXContainerItemProxy */;
		};
		9A000A5A537394CC215A49A9 /* PBXTargetDependency */ = {
			isa = PBXTargetDependency;
			target = F05B66213C7E5D198DF1CF85 /* LLMTranslateKit */;
			targetProxy = 9EAEE7E251763A9482B7D957 /* PBXContainerItemProxy */;
		};
		F7BBDC38CF908C57E615ED32 /* PBXTargetDependency */ = {
			isa = PBXTargetDependency;
			target = F05B66213C7E5D198DF1CF85 /* LLMTranslateKit */;
			targetProxy = B12CABC931499A357B718EE3 /* PBXContainerItemProxy */;
		};
/* End PBXTargetDependency section */

/* Begin XCBuildConfiguration section */
		160AB3996BF474CBCC951514 /* Release */ = {
			isa = XCBuildConfiguration;
			buildSettings = {
				ALWAYS_SEARCH_USER_PATHS = NO;
				CLANG_ANALYZER_NONNULL = YES;
				CLANG_ANALYZER_NUMBER_OBJECT_CONVERSION = YES_AGGRESSIVE;
				CLANG_CXX_LANGUAGE_STANDARD = "gnu++14";
				CLANG_CXX_LIBRARY = "libc++";
				CLANG_ENABLE_MODULES = YES;
				CLANG_ENABLE_OBJC_ARC = YES;
				CLANG_ENABLE_OBJC_WEAK = YES;
				CLANG_WARN_BLOCK_CAPTURE_AUTORELEASING = YES;
				CLANG_WARN_BOOL_CONVERSION = YES;
				CLANG_WARN_COMMA = YES;
				CLANG_WARN_CONSTANT_CONVERSION = YES;
				CLANG_WARN_DEPRECATED_OBJC_IMPLEMENTATIONS = YES;
				CLANG_WARN_DIRECT_OBJC_ISA_USAGE = YES_ERROR;
				CLANG_WARN_DOCUMENTATION_COMMENTS = YES;
				CLANG_WARN_EMPTY_BODY = YES;
				CLANG_WARN_ENUM_CONVERSION = YES;
				CLANG_WARN_INFINITE_RECURSION = YES;
				CLANG_WARN_INT_CONVERSION = YES;
				CLANG_WARN_NON_LITERAL_NULL_CONVERSION = YES;
				CLANG_WARN_OBJC_IMPLICIT_RETAIN_SELF = YES;
				CLANG_WARN_OBJC_LITERAL_CONVERSION = YES;
				CLANG_WARN_OBJC_ROOT_CLASS = YES_ERROR;
				CLANG_WARN_QUOTED_INCLUDE_IN_FRAMEWORK_HEADER = YES;
				CLANG_WARN_RANGE_LOOP_ANALYSIS = YES;
				CLANG_WARN_STRICT_PROTOTYPES = YES;
				CLANG_WARN_SUSPICIOUS_MOVE = YES;
				CLANG_WARN_UNGUARDED_AVAILABILITY = YES_AGGRESSIVE;
				CLANG_WARN_UNREACHABLE_CODE = YES;
				CLANG_WARN__DUPLICATE_METHOD_MATCH = YES;
				COPY_PHASE_STRIP = NO;
				CURRENT_PROJECT_VERSION = 5;
				DEBUG_INFORMATION_FORMAT = "dwarf-with-dsym";
				DEVELOPMENT_TEAM = 6X8WWWZ5AU;
				ENABLE_NS_ASSERTIONS = NO;
				ENABLE_STRICT_OBJC_MSGSEND = YES;
				GCC_C_LANGUAGE_STANDARD = gnu11;
				GCC_NO_COMMON_BLOCKS = YES;
				GCC_WARN_64_TO_32_BIT_CONVERSION = YES;
				GCC_WARN_ABOUT_RETURN_TYPE = YES_ERROR;
				GCC_WARN_UNDECLARED_SELECTOR = YES;
				GCC_WARN_UNINITIALIZED_AUTOS = YES_AGGRESSIVE;
				GCC_WARN_UNUSED_FUNCTION = YES;
				GCC_WARN_UNUSED_VARIABLE = YES;
				IPHONEOS_DEPLOYMENT_TARGET = 18.4;
				MARKETING_VERSION = 0.1;
				MTL_ENABLE_DEBUG_INFO = NO;
				MTL_FAST_MATH = YES;
				PRODUCT_NAME = "$(TARGET_NAME)";
				SDKROOT = iphoneos;
				SWIFT_COMPILATION_MODE = wholemodule;
				SWIFT_OPTIMIZATION_LEVEL = "-O";
				SWIFT_STRICT_CONCURRENCY = complete;
				SWIFT_VERSION = 6.0;
				TARGETED_DEVICE_FAMILY = "1,2";
			};
			name = Release;
		};
		1D11BEB3CECBC82208783995 /* Release */ = {
			isa = XCBuildConfiguration;
			buildSettings = {
				CODE_SIGN_ENTITLEMENTS = LLMTranslateShareExt/LLMTranslateShareExt.entitlements;
				CODE_SIGN_STYLE = Automatic;
				GENERATE_INFOPLIST_FILE = NO;
				INFOPLIST_FILE = LLMTranslateShareExt/Info.plist;
				LD_RUNPATH_SEARCH_PATHS = "$(inherited) @executable_path/Frameworks @executable_path/../../Frameworks";
				PRODUCT_BUNDLE_IDENTIFIER = com.tyrex.llmtranslate.shareext;
				PRODUCT_NAME = LLMTranslateShareExt;
				SDKROOT = iphoneos;
				SKIP_INSTALL = YES;
				TARGETED_DEVICE_FAMILY = "1,2";
			};
			name = Release;
		};
		50FF9284CA5A94FE7ED8CBB6 /* Debug */ = {
			isa = XCBuildConfiguration;
			buildSettings = {
				CODE_SIGN_STYLE = Automatic;
				GENERATE_INFOPLIST_FILE = NO;
				INFOPLIST_FILE = LLMTranslateControl/Info.plist;
				LD_RUNPATH_SEARCH_PATHS = "$(inherited) @executable_path/Frameworks @executable_path/../../Frameworks";
				PRODUCT_BUNDLE_IDENTIFIER = com.tyrex.llmtranslate.control;
				PRODUCT_NAME = LLMTranslateControl;
				SDKROOT = iphoneos;
				SKIP_INSTALL = YES;
				TARGETED_DEVICE_FAMILY = "1,2";
			};
			name = Debug;
		};
		51DF2FA8FE0C963DCE2C1D25 /* Release */ = {
			isa = XCBuildConfiguration;
			buildSettings = {
				ASSETCATALOG_COMPILER_APPICON_NAME = AppIcon;
				ASSETCATALOG_COMPILER_GLOBAL_ACCENT_COLOR_NAME = AccentColor;
				CODE_SIGN_ENTITLEMENTS = LLMTranslate/Resources/LLMTranslate.entitlements;
				CODE_SIGN_IDENTITY = "iPhone Developer";
				CODE_SIGN_STYLE = Automatic;
				GENERATE_INFOPLIST_FILE = YES;
				INFOPLIST_KEY_CFBundleDisplayName = "BYO Translate";
				INFOPLIST_KEY_NSPhotoLibraryUsageDescription = "Нужен доступ к последнему скриншоту, чтобы перевести его по команде «Перевести скриншот».";
				INFOPLIST_KEY_UIApplicationSceneManifest_Generation = YES;
				INFOPLIST_KEY_UILaunchScreen_Generation = YES;
				INFOPLIST_KEY_UISupportedInterfaceOrientations = "UIInterfaceOrientationPortrait UIInterfaceOrientationPortraitUpsideDown UIInterfaceOrientationLandscapeLeft UIInterfaceOrientationLandscapeRight";
				LD_RUNPATH_SEARCH_PATHS = (
					"$(inherited)",
					"@executable_path/Frameworks",
				);
				PRODUCT_BUNDLE_IDENTIFIER = com.tyrex.llmtranslate;
				PRODUCT_NAME = LLMTranslate;
				SDKROOT = iphoneos;
				TARGETED_DEVICE_FAMILY = "1,2";
			};
			name = Release;
		};
		642718BC3CE59BD72A102909 /* Debug */ = {
			isa = XCBuildConfiguration;
			buildSettings = {
				ASSETCATALOG_COMPILER_APPICON_NAME = AppIcon;
				ASSETCATALOG_COMPILER_GLOBAL_ACCENT_COLOR_NAME = AccentColor;
				CODE_SIGN_ENTITLEMENTS = LLMTranslate/Resources/LLMTranslate.entitlements;
				CODE_SIGN_IDENTITY = "iPhone Developer";
				CODE_SIGN_STYLE = Automatic;
				GENERATE_INFOPLIST_FILE = YES;
				INFOPLIST_KEY_CFBundleDisplayName = "BYO Translate";
				INFOPLIST_KEY_NSPhotoLibraryUsageDescription = "Нужен доступ к последнему скриншоту, чтобы перевести его по команде «Перевести скриншот».";
				INFOPLIST_KEY_UIApplicationSceneManifest_Generation = YES;
				INFOPLIST_KEY_UILaunchScreen_Generation = YES;
				INFOPLIST_KEY_UISupportedInterfaceOrientations = "UIInterfaceOrientationPortrait UIInterfaceOrientationPortraitUpsideDown UIInterfaceOrientationLandscapeLeft UIInterfaceOrientationLandscapeRight";
				LD_RUNPATH_SEARCH_PATHS = (
					"$(inherited)",
					"@executable_path/Frameworks",
				);
				PRODUCT_BUNDLE_IDENTIFIER = com.tyrex.llmtranslate;
				PRODUCT_NAME = LLMTranslate;
				SDKROOT = iphoneos;
				TARGETED_DEVICE_FAMILY = "1,2";
			};
			name = Debug;
		};
		81AC567A1B35DDA49C65CF35 /* Release */ = {
			isa = XCBuildConfiguration;
			buildSettings = {
				BUNDLE_LOADER = "$(TEST_HOST)";
				CODE_SIGN_STYLE = Automatic;
				GENERATE_INFOPLIST_FILE = YES;
				LD_RUNPATH_SEARCH_PATHS = (
					"$(inherited)",
					"@executable_path/Frameworks",
					"@loader_path/Frameworks",
				);
				PRODUCT_BUNDLE_IDENTIFIER = com.tyrex.llmtranslate.kit.tests;
				SDKROOT = iphoneos;
				SUPPORTS_MACCATALYST = NO;
				TARGETED_DEVICE_FAMILY = "1,2";
			};
			name = Release;
		};
		911532779DBE94CC6ECD3918 /* Debug */ = {
			isa = XCBuildConfiguration;
			buildSettings = {
				CODE_SIGN_ENTITLEMENTS = LLMTranslateTextExt/LLMTranslateTextExt.entitlements;
				CODE_SIGN_STYLE = Automatic;
				GENERATE_INFOPLIST_FILE = NO;
				INFOPLIST_FILE = LLMTranslateTextExt/Info.plist;
				LD_RUNPATH_SEARCH_PATHS = "$(inherited) @executable_path/Frameworks @executable_path/../../Frameworks";
				PRODUCT_BUNDLE_IDENTIFIER = com.tyrex.llmtranslate.textext;
				PRODUCT_NAME = LLMTranslateTextExt;
				SDKROOT = iphoneos;
				SKIP_INSTALL = YES;
				TARGETED_DEVICE_FAMILY = "1,2";
			};
			name = Debug;
		};
		957FC10F9A0B21B9C1A90BD1 /* Debug */ = {
			isa = XCBuildConfiguration;
			buildSettings = {
				ALWAYS_SEARCH_USER_PATHS = NO;
				CLANG_ANALYZER_NONNULL = YES;
				CLANG_ANALYZER_NUMBER_OBJECT_CONVERSION = YES_AGGRESSIVE;
				CLANG_CXX_LANGUAGE_STANDARD = "gnu++14";
				CLANG_CXX_LIBRARY = "libc++";
				CLANG_ENABLE_MODULES = YES;
				CLANG_ENABLE_OBJC_ARC = YES;
				CLANG_ENABLE_OBJC_WEAK = YES;
				CLANG_WARN_BLOCK_CAPTURE_AUTORELEASING = YES;
				CLANG_WARN_BOOL_CONVERSION = YES;
				CLANG_WARN_COMMA = YES;
				CLANG_WARN_CONSTANT_CONVERSION = YES;
				CLANG_WARN_DEPRECATED_OBJC_IMPLEMENTATIONS = YES;
				CLANG_WARN_DIRECT_OBJC_ISA_USAGE = YES_ERROR;
				CLANG_WARN_DOCUMENTATION_COMMENTS = YES;
				CLANG_WARN_EMPTY_BODY = YES;
				CLANG_WARN_ENUM_CONVERSION = YES;
				CLANG_WARN_INFINITE_RECURSION = YES;
				CLANG_WARN_INT_CONVERSION = YES;
				CLANG_WARN_NON_LITERAL_NULL_CONVERSION = YES;
				CLANG_WARN_OBJC_IMPLICIT_RETAIN_SELF = YES;
				CLANG_WARN_OBJC_LITERAL_CONVERSION = YES;
				CLANG_WARN_OBJC_ROOT_CLASS = YES_ERROR;
				CLANG_WARN_QUOTED_INCLUDE_IN_FRAMEWORK_HEADER = YES;
				CLANG_WARN_RANGE_LOOP_ANALYSIS = YES;
				CLANG_WARN_STRICT_PROTOTYPES = YES;
				CLANG_WARN_SUSPICIOUS_MOVE = YES;
				CLANG_WARN_UNGUARDED_AVAILABILITY = YES_AGGRESSIVE;
				CLANG_WARN_UNREACHABLE_CODE = YES;
				CLANG_WARN__DUPLICATE_METHOD_MATCH = YES;
				COPY_PHASE_STRIP = NO;
				CURRENT_PROJECT_VERSION = 5;
				DEBUG_INFORMATION_FORMAT = dwarf;
				DEVELOPMENT_TEAM = 6X8WWWZ5AU;
				ENABLE_STRICT_OBJC_MSGSEND = YES;
				ENABLE_TESTABILITY = YES;
				GCC_C_LANGUAGE_STANDARD = gnu11;
				GCC_DYNAMIC_NO_PIC = NO;
				GCC_NO_COMMON_BLOCKS = YES;
				GCC_OPTIMIZATION_LEVEL = 0;
				GCC_PREPROCESSOR_DEFINITIONS = (
					"$(inherited)",
					"DEBUG=1",
				);
				GCC_WARN_64_TO_32_BIT_CONVERSION = YES;
				GCC_WARN_ABOUT_RETURN_TYPE = YES_ERROR;
				GCC_WARN_UNDECLARED_SELECTOR = YES;
				GCC_WARN_UNINITIALIZED_AUTOS = YES_AGGRESSIVE;
				GCC_WARN_UNUSED_FUNCTION = YES;
				GCC_WARN_UNUSED_VARIABLE = YES;
				IPHONEOS_DEPLOYMENT_TARGET = 18.4;
				MARKETING_VERSION = 0.1;
				MTL_ENABLE_DEBUG_INFO = INCLUDE_SOURCE;
				MTL_FAST_MATH = YES;
				ONLY_ACTIVE_ARCH = YES;
				PRODUCT_NAME = "$(TARGET_NAME)";
				SDKROOT = iphoneos;
				SWIFT_ACTIVE_COMPILATION_CONDITIONS = DEBUG;
				SWIFT_OPTIMIZATION_LEVEL = "-Onone";
				SWIFT_STRICT_CONCURRENCY = complete;
				SWIFT_VERSION = 6.0;
				TARGETED_DEVICE_FAMILY = "1,2";
			};
			name = Debug;
		};
		A93920BADD985CC2AE1DB1B6 /* Release */ = {
			isa = XCBuildConfiguration;
			buildSettings = {
				CODE_SIGN_STYLE = Automatic;
				GENERATE_INFOPLIST_FILE = NO;
				INFOPLIST_FILE = LLMTranslateControl/Info.plist;
				LD_RUNPATH_SEARCH_PATHS = "$(inherited) @executable_path/Frameworks @executable_path/../../Frameworks";
				PRODUCT_BUNDLE_IDENTIFIER = com.tyrex.llmtranslate.control;
				PRODUCT_NAME = LLMTranslateControl;
				SDKROOT = iphoneos;
				SKIP_INSTALL = YES;
				TARGETED_DEVICE_FAMILY = "1,2";
			};
			name = Release;
		};
		B8162929D8DDC859336E7F6D /* Debug */ = {
			isa = XCBuildConfiguration;
			buildSettings = {
				BUNDLE_LOADER = "$(TEST_HOST)";
				CODE_SIGN_STYLE = Automatic;
				GENERATE_INFOPLIST_FILE = YES;
				LD_RUNPATH_SEARCH_PATHS = (
					"$(inherited)",
					"@executable_path/Frameworks",
					"@loader_path/Frameworks",
				);
				PRODUCT_BUNDLE_IDENTIFIER = com.tyrex.llmtranslate.kit.tests;
				SDKROOT = iphoneos;
				SUPPORTS_MACCATALYST = NO;
				TARGETED_DEVICE_FAMILY = "1,2";
			};
			name = Debug;
		};
		F046E746687EFC6289A27651 /* Release */ = {
			isa = XCBuildConfiguration;
			buildSettings = {
				BUILD_LIBRARY_FOR_DISTRIBUTION = NO;
				CODE_SIGN_IDENTITY = "";
				CODE_SIGN_STYLE = Automatic;
				CURRENT_PROJECT_VERSION = 1;
				DEFINES_MODULE = YES;
				DYLIB_COMPATIBILITY_VERSION = 1;
				DYLIB_CURRENT_VERSION = 1;
				DYLIB_INSTALL_NAME_BASE = "@rpath";
				GENERATE_INFOPLIST_FILE = NO;
				INFOPLIST_FILE = LLMTranslateKit/Info.plist;
				INSTALL_PATH = "$(LOCAL_LIBRARY_DIR)/Frameworks";
				LD_RUNPATH_SEARCH_PATHS = (
					"$(inherited)",
					"@executable_path/Frameworks",
				);
				PRODUCT_BUNDLE_IDENTIFIER = com.tyrex.llmtranslate.kit;
				PRODUCT_NAME = LLMTranslateKit;
				SDKROOT = iphoneos;
				SKIP_INSTALL = YES;
				SUPPORTS_MACCATALYST = NO;
				TARGETED_DEVICE_FAMILY = "1,2";
				VERSIONING_SYSTEM = "apple-generic";
			};
			name = Release;
		};
		F93DB688107EDF4B1E8D2464 /* Debug */ = {
			isa = XCBuildConfiguration;
			buildSettings = {
				CODE_SIGN_ENTITLEMENTS = LLMTranslateShareExt/LLMTranslateShareExt.entitlements;
				CODE_SIGN_STYLE = Automatic;
				GENERATE_INFOPLIST_FILE = NO;
				INFOPLIST_FILE = LLMTranslateShareExt/Info.plist;
				LD_RUNPATH_SEARCH_PATHS = "$(inherited) @executable_path/Frameworks @executable_path/../../Frameworks";
				PRODUCT_BUNDLE_IDENTIFIER = com.tyrex.llmtranslate.shareext;
				PRODUCT_NAME = LLMTranslateShareExt;
				SDKROOT = iphoneos;
				SKIP_INSTALL = YES;
				TARGETED_DEVICE_FAMILY = "1,2";
			};
			name = Debug;
		};
		FCC4D7FA09556F2BAFF57152 /* Debug */ = {
			isa = XCBuildConfiguration;
			buildSettings = {
				BUILD_LIBRARY_FOR_DISTRIBUTION = NO;
				CODE_SIGN_IDENTITY = "";
				CODE_SIGN_STYLE = Automatic;
				CURRENT_PROJECT_VERSION = 1;
				DEFINES_MODULE = YES;
				DYLIB_COMPATIBILITY_VERSION = 1;
				DYLIB_CURRENT_VERSION = 1;
				DYLIB_INSTALL_NAME_BASE = "@rpath";
				GENERATE_INFOPLIST_FILE = NO;
				INFOPLIST_FILE = LLMTranslateKit/Info.plist;
				INSTALL_PATH = "$(LOCAL_LIBRARY_DIR)/Frameworks";
				LD_RUNPATH_SEARCH_PATHS = (
					"$(inherited)",
					"@executable_path/Frameworks",
				);
				PRODUCT_BUNDLE_IDENTIFIER = com.tyrex.llmtranslate.kit;
				PRODUCT_NAME = LLMTranslateKit;
				SDKROOT = iphoneos;
				SKIP_INSTALL = YES;
				SUPPORTS_MACCATALYST = NO;
				TARGETED_DEVICE_FAMILY = "1,2";
				VERSIONING_SYSTEM = "apple-generic";
			};
			name = Debug;
		};
		FF494619A339D7F0A4EE0442 /* Release */ = {
			isa = XCBuildConfiguration;
			buildSettings = {
				CODE_SIGN_ENTITLEMENTS = LLMTranslateTextExt/LLMTranslateTextExt.entitlements;
				CODE_SIGN_STYLE = Automatic;
				GENERATE_INFOPLIST_FILE = NO;
				INFOPLIST_FILE = LLMTranslateTextExt/Info.plist;
				LD_RUNPATH_SEARCH_PATHS = "$(inherited) @executable_path/Frameworks @executable_path/../../Frameworks";
				PRODUCT_BUNDLE_IDENTIFIER = com.tyrex.llmtranslate.textext;
				PRODUCT_NAME = LLMTranslateTextExt;
				SDKROOT = iphoneos;
				SKIP_INSTALL = YES;
				TARGETED_DEVICE_FAMILY = "1,2";
			};
			name = Release;
		};
/* End XCBuildConfiguration section */

/* Begin XCConfigurationList section */
		0B05BCA580C4EDBB41C43314 /* Build configuration list for PBXProject "LLMTranslate" */ = {
			isa = XCConfigurationList;
			buildConfigurations = (
				957FC10F9A0B21B9C1A90BD1 /* Debug */,
				160AB3996BF474CBCC951514 /* Release */,
			);
			defaultConfigurationIsVisible = 0;
			defaultConfigurationName = Debug;
		};
		14256EC1C2A760638DB28024 /* Build configuration list for PBXNativeTarget "LLMTranslateShareExt" */ = {
			isa = XCConfigurationList;
			buildConfigurations = (
				F93DB688107EDF4B1E8D2464 /* Debug */,
				1D11BEB3CECBC82208783995 /* Release */,
			);
			defaultConfigurationIsVisible = 0;
			defaultConfigurationName = Debug;
		};
		3EB5FFCA2C36B7CAE3294941 /* Build configuration list for PBXNativeTarget "LLMTranslateKit" */ = {
			isa = XCConfigurationList;
			buildConfigurations = (
				FCC4D7FA09556F2BAFF57152 /* Debug */,
				F046E746687EFC6289A27651 /* Release */,
			);
			defaultConfigurationIsVisible = 0;
			defaultConfigurationName = Debug;
		};
		B4AF613222F60B76C4193D8E /* Build configuration list for PBXNativeTarget "LLMTranslateKitTests" */ = {
			isa = XCConfigurationList;
			buildConfigurations = (
				B8162929D8DDC859336E7F6D /* Debug */,
				81AC567A1B35DDA49C65CF35 /* Release */,
			);
			defaultConfigurationIsVisible = 0;
			defaultConfigurationName = Debug;
		};
		BE46769625E8B8D9F5A06CD7 /* Build configuration list for PBXNativeTarget "LLMTranslateControl" */ = {
			isa = XCConfigurationList;
			buildConfigurations = (
				50FF9284CA5A94FE7ED8CBB6 /* Debug */,
				A93920BADD985CC2AE1DB1B6 /* Release */,
			);
			defaultConfigurationIsVisible = 0;
			defaultConfigurationName = Debug;
		};
		D31FC324DFA4F2E1FCF865AE /* Build configuration list for PBXNativeTarget "LLMTranslateTextExt" */ = {
			isa = XCConfigurationList;
			buildConfigurations = (
				911532779DBE94CC6ECD3918 /* Debug */,
				FF494619A339D7F0A4EE0442 /* Release */,
			);
			defaultConfigurationIsVisible = 0;
			defaultConfigurationName = Debug;
		};
		FEBC966DAE5E9F7BCA1E27CB /* Build configuration list for PBXNativeTarget "LLMTranslate" */ = {
			isa = XCConfigurationList;
			buildConfigurations = (
				642718BC3CE59BD72A102909 /* Debug */,
				51DF2FA8FE0C963DCE2C1D25 /* Release */,
			);
			defaultConfigurationIsVisible = 0;
			defaultConfigurationName = Debug;
		};
/* End XCConfigurationList section */
	};
	rootObject = CF6438D21A60277A255B4070 /* Project object */;
}
